// !$*UTF8*$!
{
	archiveVersion = 1;
	classes = {
	};
	objectVersion = 46;
	objects = {

/* Begin PBXBuildFile section */
		2F1A87CE1F07171700065DF8 /* DesignableLabel.swift in Sources */ = {isa = PBXBuildFile; fileRef = 2F1A87CD1F07171700065DF8 /* DesignableLabel.swift */; };
		2F1A87D01F07180500065DF8 /* UserMessage.swift in Sources */ = {isa = PBXBuildFile; fileRef = 2F1A87CF1F07180500065DF8 /* UserMessage.swift */; };
		2F1A87D21F07189000065DF8 /* MessageCell.swift in Sources */ = {isa = PBXBuildFile; fileRef = 2F1A87D11F07189000065DF8 /* MessageCell.swift */; };
		2F1A87D41F07363900065DF8 /* moviePopup.swift in Sources */ = {isa = PBXBuildFile; fileRef = 2F1A87D31F07363900065DF8 /* moviePopup.swift */; };
		2F1E82C21ECC395B00EA0FC6 /* Movie.swift in Sources */ = {isa = PBXBuildFile; fileRef = 2F1E82C11ECC395B00EA0FC6 /* Movie.swift */; };
		2F1E82C41ECC3DF600EA0FC6 /* Music.swift in Sources */ = {isa = PBXBuildFile; fileRef = 2F1E82C31ECC3DF600EA0FC6 /* Music.swift */; };
		2F1E82C81ECCD10C00EA0FC6 /* EBook.swift in Sources */ = {isa = PBXBuildFile; fileRef = 2F1E82C71ECCD10C00EA0FC6 /* EBook.swift */; };
		2F1E82CA1ECCD11A00EA0FC6 /* Image.swift in Sources */ = {isa = PBXBuildFile; fileRef = 2F1E82C91ECCD11A00EA0FC6 /* Image.swift */; };
		2F1E82CC1ECCD92500EA0FC6 /* Singleton.swift in Sources */ = {isa = PBXBuildFile; fileRef = 2F1E82CB1ECCD92500EA0FC6 /* Singleton.swift */; };
		2F45886C1F006DDC00C0A233 /* TopTabBar.swift in Sources */ = {isa = PBXBuildFile; fileRef = 2F45886B1F006DDC00C0A233 /* TopTabBar.swift */; };
		2F84FBF51F02FBF400EF3A8C /* RegisterLoginViewController.swift in Sources */ = {isa = PBXBuildFile; fileRef = 2F84FBF41F02FBF400EF3A8C /* RegisterLoginViewController.swift */; };
		2F84FBF71F02FE1B00EF3A8C /* FloatLabelTextField.swift in Sources */ = {isa = PBXBuildFile; fileRef = 2F84FBF61F02FE1B00EF3A8C /* FloatLabelTextField.swift */; };
		2F84FBF91F03054A00EF3A8C /* User.swift in Sources */ = {isa = PBXBuildFile; fileRef = 2F84FBF81F03054A00EF3A8C /* User.swift */; };
		2F84FBFB1F032EF800EF3A8C /* Profile.swift in Sources */ = {isa = PBXBuildFile; fileRef = 2F84FBFA1F032EF800EF3A8C /* Profile.swift */; };
		2F9105ED1EFC759600202B36 /* MusicAlbum.swift in Sources */ = {isa = PBXBuildFile; fileRef = 2F9105EC1EFC759600202B36 /* MusicAlbum.swift */; };
		2F9105F31EFC76DD00202B36 /* MusicAlbumCell.swift in Sources */ = {isa = PBXBuildFile; fileRef = 2F9105F11EFC76DD00202B36 /* MusicAlbumCell.swift */; };
		2F9105F41EFC76DD00202B36 /* MusicAlbumsCell.swift in Sources */ = {isa = PBXBuildFile; fileRef = 2F9105F21EFC76DD00202B36 /* MusicAlbumsCell.swift */; };
		2F9105FB1EFC788500202B36 /* MusicCell.swift in Sources */ = {isa = PBXBuildFile; fileRef = 2F9105F91EFC788500202B36 /* MusicCell.swift */; };
		2F9105FC1EFC788500202B36 /* MusicsCell.swift in Sources */ = {isa = PBXBuildFile; fileRef = 2F9105FA1EFC788500202B36 /* MusicsCell.swift */; };
		2F9105FE1EFC7BE100202B36 /* MovieSerial.swift in Sources */ = {isa = PBXBuildFile; fileRef = 2F9105FD1EFC7BE100202B36 /* MovieSerial.swift */; };
		2F9106021EFC7E3900202B36 /* MovieSerialsCell.swift in Sources */ = {isa = PBXBuildFile; fileRef = 2F9106011EFC7E3900202B36 /* MovieSerialsCell.swift */; };
		2F9106041EFC7E5400202B36 /* MovieSerialCell.swift in Sources */ = {isa = PBXBuildFile; fileRef = 2F9106031EFC7E5400202B36 /* MovieSerialCell.swift */; };
		2F9106061EFD2A3400202B36 /* News.swift in Sources */ = {isa = PBXBuildFile; fileRef = 2F9106051EFD2A3400202B36 /* News.swift */; };
		2F9106081EFD307900202B36 /* NewsCell.swift in Sources */ = {isa = PBXBuildFile; fileRef = 2F9106071EFD307900202B36 /* NewsCell.swift */; };
		2F91060A1EFD59E300202B36 /* TV.swift in Sources */ = {isa = PBXBuildFile; fileRef = 2F9106091EFD59E300202B36 /* TV.swift */; };
		2F91060E1EFD606000202B36 /* TVCell.swift in Sources */ = {isa = PBXBuildFile; fileRef = 2F91060D1EFD606000202B36 /* TVCell.swift */; };
		2F921FF21ED63EF10093932B /* VideosCell.swift in Sources */ = {isa = PBXBuildFile; fileRef = 2F921FF11ED63EF10093932B /* VideosCell.swift */; };
		2F921FF61ED63F0D0093932B /* ImagesCell.swift in Sources */ = {isa = PBXBuildFile; fileRef = 2F921FF51ED63F0D0093932B /* ImagesCell.swift */; };
		2F921FF81ED63F190093932B /* EbooksCell.swift in Sources */ = {isa = PBXBuildFile; fileRef = 2F921FF71ED63F190093932B /* EbooksCell.swift */; };
		2F921FFA1ED642740093932B /* VideoCell.swift in Sources */ = {isa = PBXBuildFile; fileRef = 2F921FF91ED642740093932B /* VideoCell.swift */; };
		2F921FFF1ED645C80093932B /* ImageCell.swift in Sources */ = {isa = PBXBuildFile; fileRef = 2F921FFE1ED645C80093932B /* ImageCell.swift */; };
		2F9220011ED645E20093932B /* EbookCell.swift in Sources */ = {isa = PBXBuildFile; fileRef = 2F9220001ED645E20093932B /* EbookCell.swift */; };
		2FCD153C1F0A3C890038107B /* serialPopup.swift in Sources */ = {isa = PBXBuildFile; fileRef = 2FCD153B1F0A3C890038107B /* serialPopup.swift */; };
		2FCD153E1F0A3CC50038107B /* musicPopup.swift in Sources */ = {isa = PBXBuildFile; fileRef = 2FCD153D1F0A3CC50038107B /* musicPopup.swift */; };
		2FCD15401F0A3CD60038107B /* imagePopup.swift in Sources */ = {isa = PBXBuildFile; fileRef = 2FCD153F1F0A3CD50038107B /* imagePopup.swift */; };
		2FCD15421F0A3CF70038107B /* ebookPopup.swift in Sources */ = {isa = PBXBuildFile; fileRef = 2FCD15411F0A3CF70038107B /* ebookPopup.swift */; };
		2FCD15441F0A3D0E0038107B /* albumPopup.swift in Sources */ = {isa = PBXBuildFile; fileRef = 2FCD15431F0A3D0E0038107B /* albumPopup.swift */; };
		2FE246BE1F01951700881D92 /* FullNews.swift in Sources */ = {isa = PBXBuildFile; fileRef = 2FE246BD1F01951700881D92 /* FullNews.swift */; };
		2FE246C01F01C02F00881D92 /* CommentCell.swift in Sources */ = {isa = PBXBuildFile; fileRef = 2FE246BF1F01C02F00881D92 /* CommentCell.swift */; };
		2FE246C31F01C05B00881D92 /* Comment.swift in Sources */ = {isa = PBXBuildFile; fileRef = 2FE246C21F01C05B00881D92 /* Comment.swift */; };
		2FEDC1DC1ECE5BD1004EE0D2 /* DesignableButton.swift in Sources */ = {isa = PBXBuildFile; fileRef = 2FEDC1DB1ECE5BD1004EE0D2 /* DesignableButton.swift */; };
		2FF1B7E51ECAE0B300CB176D /* AppDelegate.swift in Sources */ = {isa = PBXBuildFile; fileRef = 2FF1B7E41ECAE0B300CB176D /* AppDelegate.swift */; };
		2FF1B7E71ECAE0B300CB176D /* TabBar.swift in Sources */ = {isa = PBXBuildFile; fileRef = 2FF1B7E61ECAE0B300CB176D /* TabBar.swift */; };
		2FF1B7EA1ECAE0B300CB176D /* Main.storyboard in Resources */ = {isa = PBXBuildFile; fileRef = 2FF1B7E81ECAE0B300CB176D /* Main.storyboard */; };
		2FF1B7EC1ECAE0B300CB176D /* Assets.xcassets in Resources */ = {isa = PBXBuildFile; fileRef = 2FF1B7EB1ECAE0B300CB176D /* Assets.xcassets */; };
		2FF1B7EF1ECAE0B300CB176D /* LaunchScreen.storyboard in Resources */ = {isa = PBXBuildFile; fileRef = 2FF1B7ED1ECAE0B300CB176D /* LaunchScreen.storyboard */; };
		2FF1B7FA1ECAE0B300CB176D /* SanaMediaTests.swift in Sources */ = {isa = PBXBuildFile; fileRef = 2FF1B7F91ECAE0B300CB176D /* SanaMediaTests.swift */; };
		2FF1B8051ECAE0B300CB176D /* SanaMediaUITests.swift in Sources */ = {isa = PBXBuildFile; fileRef = 2FF1B8041ECAE0B300CB176D /* SanaMediaUITests.swift */; };
		2FF1B8131ECAEDC700CB176D /* MainHomeViewController.swift in Sources */ = {isa = PBXBuildFile; fileRef = 2FF1B8121ECAEDC700CB176D /* MainHomeViewController.swift */; };
		2FF1B8151ECAEEE100CB176D /* NewsViewController.swift in Sources */ = {isa = PBXBuildFile; fileRef = 2FF1B8141ECAEEE100CB176D /* NewsViewController.swift */; };
		2FF1B8171ECAEEF100CB176D /* StreamViewController.swift in Sources */ = {isa = PBXBuildFile; fileRef = 2FF1B8161ECAEEF100CB176D /* StreamViewController.swift */; };
		2FF1B8191ECAEF0000CB176D /* CategoryViewController.swift in Sources */ = {isa = PBXBuildFile; fileRef = 2FF1B8181ECAEF0000CB176D /* CategoryViewController.swift */; };
		2FF9919C1ED6339C003A248A /* extensions.swift in Sources */ = {isa = PBXBuildFile; fileRef = 2FF9919B1ED6339C003A248A /* extensions.swift */; };
		6835B032A493CAC93CC5DCCF /* Pods_SanaMedia.framework in Frameworks */ = {isa = PBXBuildFile; fileRef = ACD8A98300FC0A31E583BF1F /* Pods_SanaMedia.framework */; };
		6947F8DEFA8AE24CFD9DF577 /* Pods_SanaMediaTests.framework in Frameworks */ = {isa = PBXBuildFile; fileRef = EB79203A8266CB7D1100938D /* Pods_SanaMediaTests.framework */; };
		F626FAE54D306A049175AC2C /* Pods_SanaMediaUITests.framework in Frameworks */ = {isa = PBXBuildFile; fileRef = 17D6BC9B183B53348A193ECA /* Pods_SanaMediaUITests.framework */; };
/* End PBXBuildFile section */

/* Begin PBXContainerItemProxy section */
		2FF1B7F61ECAE0B300CB176D /* PBXContainerItemProxy */ = {
			isa = PBXContainerItemProxy;
			containerPortal = 2FF1B7D91ECAE0B300CB176D /* Project object */;
			proxyType = 1;
			remoteGlobalIDString = 2FF1B7E01ECAE0B300CB176D;
			remoteInfo = SanaMedia;
		};
		2FF1B8011ECAE0B300CB176D /* PBXContainerItemProxy */ = {
			isa = PBXContainerItemProxy;
			containerPortal = 2FF1B7D91ECAE0B300CB176D /* Project object */;
			proxyType = 1;
			remoteGlobalIDString = 2FF1B7E01ECAE0B300CB176D;
			remoteInfo = SanaMedia;
		};
/* End PBXContainerItemProxy section */

/* Begin PBXFileReference section */
		17D6BC9B183B53348A193ECA /* Pods_SanaMediaUITests.framework */ = {isa = PBXFileReference; explicitFileType = wrapper.framework; includeInIndex = 0; path = Pods_SanaMediaUITests.framework; sourceTree = BUILT_PRODUCTS_DIR; };
		2F1A87CD1F07171700065DF8 /* DesignableLabel.swift */ = {isa = PBXFileReference; lastKnownFileType = sourcecode.swift; path = DesignableLabel.swift; sourceTree = "<group>"; };
		2F1A87CF1F07180500065DF8 /* UserMessage.swift */ = {isa = PBXFileReference; lastKnownFileType = sourcecode.swift; path = UserMessage.swift; sourceTree = "<group>"; };
		2F1A87D11F07189000065DF8 /* MessageCell.swift */ = {isa = PBXFileReference; lastKnownFileType = sourcecode.swift; path = MessageCell.swift; sourceTree = "<group>"; };
		2F1A87D31F07363900065DF8 /* moviePopup.swift */ = {isa = PBXFileReference; lastKnownFileType = sourcecode.swift; path = moviePopup.swift; sourceTree = "<group>"; };
		2F1E82C11ECC395B00EA0FC6 /* Movie.swift */ = {isa = PBXFileReference; fileEncoding = 4; lastKnownFileType = sourcecode.swift; path = Movie.swift; sourceTree = "<group>"; };
		2F1E82C31ECC3DF600EA0FC6 /* Music.swift */ = {isa = PBXFileReference; fileEncoding = 4; lastKnownFileType = sourcecode.swift; path = Music.swift; sourceTree = "<group>"; };
		2F1E82C71ECCD10C00EA0FC6 /* EBook.swift */ = {isa = PBXFileReference; fileEncoding = 4; lastKnownFileType = sourcecode.swift; path = EBook.swift; sourceTree = "<group>"; };
		2F1E82C91ECCD11A00EA0FC6 /* Image.swift */ = {isa = PBXFileReference; fileEncoding = 4; lastKnownFileType = sourcecode.swift; path = Image.swift; sourceTree = "<group>"; };
		2F1E82CB1ECCD92500EA0FC6 /* Singleton.swift */ = {isa = PBXFileReference; fileEncoding = 4; lastKnownFileType = sourcecode.swift; path = Singleton.swift; sourceTree = "<group>"; };
		2F45886B1F006DDC00C0A233 /* TopTabBar.swift */ = {isa = PBXFileReference; fileEncoding = 4; lastKnownFileType = sourcecode.swift; path = TopTabBar.swift; sourceTree = "<group>"; };
		2F84FBF41F02FBF400EF3A8C /* RegisterLoginViewController.swift */ = {isa = PBXFileReference; fileEncoding = 4; lastKnownFileType = sourcecode.swift; path = RegisterLoginViewController.swift; sourceTree = "<group>"; };
		2F84FBF61F02FE1B00EF3A8C /* FloatLabelTextField.swift */ = {isa = PBXFileReference; fileEncoding = 4; lastKnownFileType = sourcecode.swift; path = FloatLabelTextField.swift; sourceTree = "<group>"; };
		2F84FBF81F03054A00EF3A8C /* User.swift */ = {isa = PBXFileReference; fileEncoding = 4; lastKnownFileType = sourcecode.swift; path = User.swift; sourceTree = "<group>"; };
		2F84FBFA1F032EF800EF3A8C /* Profile.swift */ = {isa = PBXFileReference; fileEncoding = 4; lastKnownFileType = sourcecode.swift; path = Profile.swift; sourceTree = "<group>"; };
		2F9105EC1EFC759600202B36 /* MusicAlbum.swift */ = {isa = PBXFileReference; fileEncoding = 4; lastKnownFileType = sourcecode.swift; path = MusicAlbum.swift; sourceTree = "<group>"; };
		2F9105F11EFC76DD00202B36 /* MusicAlbumCell.swift */ = {isa = PBXFileReference; fileEncoding = 4; lastKnownFileType = sourcecode.swift; path = MusicAlbumCell.swift; sourceTree = "<group>"; };
		2F9105F21EFC76DD00202B36 /* MusicAlbumsCell.swift */ = {isa = PBXFileReference; fileEncoding = 4; lastKnownFileType = sourcecode.swift; path = MusicAlbumsCell.swift; sourceTree = "<group>"; };
		2F9105F91EFC788500202B36 /* MusicCell.swift */ = {isa = PBXFileReference; fileEncoding = 4; lastKnownFileType = sourcecode.swift; path = MusicCell.swift; sourceTree = "<group>"; };
		2F9105FA1EFC788500202B36 /* MusicsCell.swift */ = {isa = PBXFileReference; fileEncoding = 4; lastKnownFileType = sourcecode.swift; path = MusicsCell.swift; sourceTree = "<group>"; };
		2F9105FD1EFC7BE100202B36 /* MovieSerial.swift */ = {isa = PBXFileReference; fileEncoding = 4; lastKnownFileType = sourcecode.swift; path = MovieSerial.swift; sourceTree = "<group>"; };
		2F9106011EFC7E3900202B36 /* MovieSerialsCell.swift */ = {isa = PBXFileReference; fileEncoding = 4; lastKnownFileType = sourcecode.swift; path = MovieSerialsCell.swift; sourceTree = "<group>"; };
		2F9106031EFC7E5400202B36 /* MovieSerialCell.swift */ = {isa = PBXFileReference; fileEncoding = 4; lastKnownFileType = sourcecode.swift; path = MovieSerialCell.swift; sourceTree = "<group>"; };
		2F9106051EFD2A3400202B36 /* News.swift */ = {isa = PBXFileReference; fileEncoding = 4; lastKnownFileType = sourcecode.swift; path = News.swift; sourceTree = "<group>"; };
		2F9106071EFD307900202B36 /* NewsCell.swift */ = {isa = PBXFileReference; fileEncoding = 4; lastKnownFileType = sourcecode.swift; path = NewsCell.swift; sourceTree = "<group>"; };
		2F9106091EFD59E300202B36 /* TV.swift */ = {isa = PBXFileReference; fileEncoding = 4; lastKnownFileType = sourcecode.swift; path = TV.swift; sourceTree = "<group>"; };
		2F91060D1EFD606000202B36 /* TVCell.swift */ = {isa = PBXFileReference; fileEncoding = 4; lastKnownFileType = sourcecode.swift; path = TVCell.swift; sourceTree = "<group>"; };
		2F921FF11ED63EF10093932B /* VideosCell.swift */ = {isa = PBXFileReference; fileEncoding = 4; lastKnownFileType = sourcecode.swift; path = VideosCell.swift; sourceTree = "<group>"; };
		2F921FF51ED63F0D0093932B /* ImagesCell.swift */ = {isa = PBXFileReference; fileEncoding = 4; lastKnownFileType = sourcecode.swift; path = ImagesCell.swift; sourceTree = "<group>"; };
		2F921FF71ED63F190093932B /* EbooksCell.swift */ = {isa = PBXFileReference; fileEncoding = 4; lastKnownFileType = sourcecode.swift; path = EbooksCell.swift; sourceTree = "<group>"; };
		2F921FF91ED642740093932B /* VideoCell.swift */ = {isa = PBXFileReference; fileEncoding = 4; lastKnownFileType = sourcecode.swift; path = VideoCell.swift; sourceTree = "<group>"; };
		2F921FFE1ED645C80093932B /* ImageCell.swift */ = {isa = PBXFileReference; fileEncoding = 4; lastKnownFileType = sourcecode.swift; path = ImageCell.swift; sourceTree = "<group>"; };
		2F9220001ED645E20093932B /* EbookCell.swift */ = {isa = PBXFileReference; fileEncoding = 4; lastKnownFileType = sourcecode.swift; path = EbookCell.swift; sourceTree = "<group>"; };
		2FCD153B1F0A3C890038107B /* serialPopup.swift */ = {isa = PBXFileReference; lastKnownFileType = sourcecode.swift; path = serialPopup.swift; sourceTree = "<group>"; };
		2FCD153D1F0A3CC50038107B /* musicPopup.swift */ = {isa = PBXFileReference; lastKnownFileType = sourcecode.swift; path = musicPopup.swift; sourceTree = "<group>"; };
		2FCD153F1F0A3CD50038107B /* imagePopup.swift */ = {isa = PBXFileReference; fileEncoding = 4; lastKnownFileType = sourcecode.swift; path = imagePopup.swift; sourceTree = "<group>"; };
		2FCD15411F0A3CF70038107B /* ebookPopup.swift */ = {isa = PBXFileReference; lastKnownFileType = sourcecode.swift; path = ebookPopup.swift; sourceTree = "<group>"; };
		2FCD15431F0A3D0E0038107B /* albumPopup.swift */ = {isa = PBXFileReference; lastKnownFileType = sourcecode.swift; path = albumPopup.swift; sourceTree = "<group>"; };
		2FE246BD1F01951700881D92 /* FullNews.swift */ = {isa = PBXFileReference; fileEncoding = 4; lastKnownFileType = sourcecode.swift; path = FullNews.swift; sourceTree = "<group>"; };
		2FE246BF1F01C02F00881D92 /* CommentCell.swift */ = {isa = PBXFileReference; fileEncoding = 4; lastKnownFileType = sourcecode.swift; path = CommentCell.swift; sourceTree = "<group>"; };
		2FE246C21F01C05B00881D92 /* Comment.swift */ = {isa = PBXFileReference; fileEncoding = 4; lastKnownFileType = sourcecode.swift; path = Comment.swift; sourceTree = "<group>"; };
		2FEDC1DB1ECE5BD1004EE0D2 /* DesignableButton.swift */ = {isa = PBXFileReference; fileEncoding = 4; lastKnownFileType = sourcecode.swift; path = DesignableButton.swift; sourceTree = "<group>"; };
		2FF1B7E11ECAE0B300CB176D /* SanaMedia.app */ = {isa = PBXFileReference; explicitFileType = wrapper.application; includeInIndex = 0; path = SanaMedia.app; sourceTree = BUILT_PRODUCTS_DIR; };
		2FF1B7E41ECAE0B300CB176D /* AppDelegate.swift */ = {isa = PBXFileReference; lastKnownFileType = sourcecode.swift; path = AppDelegate.swift; sourceTree = "<group>"; };
		2FF1B7E61ECAE0B300CB176D /* TabBar.swift */ = {isa = PBXFileReference; lastKnownFileType = sourcecode.swift; path = TabBar.swift; sourceTree = "<group>"; };
		2FF1B7E91ECAE0B300CB176D /* Base */ = {isa = PBXFileReference; lastKnownFileType = file.storyboard; name = Base; path = Base.lproj/Main.storyboard; sourceTree = "<group>"; };
		2FF1B7EB1ECAE0B300CB176D /* Assets.xcassets */ = {isa = PBXFileReference; lastKnownFileType = folder.assetcatalog; path = Assets.xcassets; sourceTree = "<group>"; };
		2FF1B7EE1ECAE0B300CB176D /* Base */ = {isa = PBXFileReference; lastKnownFileType = file.storyboard; name = Base; path = Base.lproj/LaunchScreen.storyboard; sourceTree = "<group>"; };
		2FF1B7F01ECAE0B300CB176D /* Info.plist */ = {isa = PBXFileReference; lastKnownFileType = text.plist.xml; path = Info.plist; sourceTree = "<group>"; };
		2FF1B7F51ECAE0B300CB176D /* SanaMediaTests.xctest */ = {isa = PBXFileReference; explicitFileType = wrapper.cfbundle; includeInIndex = 0; path = SanaMediaTests.xctest; sourceTree = BUILT_PRODUCTS_DIR; };
		2FF1B7F91ECAE0B300CB176D /* SanaMediaTests.swift */ = {isa = PBXFileReference; lastKnownFileType = sourcecode.swift; path = SanaMediaTests.swift; sourceTree = "<group>"; };
		2FF1B7FB1ECAE0B300CB176D /* Info.plist */ = {isa = PBXFileReference; lastKnownFileType = text.plist.xml; path = Info.plist; sourceTree = "<group>"; };
		2FF1B8001ECAE0B300CB176D /* SanaMediaUITests.xctest */ = {isa = PBXFileReference; explicitFileType = wrapper.cfbundle; includeInIndex = 0; path = SanaMediaUITests.xctest; sourceTree = BUILT_PRODUCTS_DIR; };
		2FF1B8041ECAE0B300CB176D /* SanaMediaUITests.swift */ = {isa = PBXFileReference; lastKnownFileType = sourcecode.swift; path = SanaMediaUITests.swift; sourceTree = "<group>"; };
		2FF1B8061ECAE0B300CB176D /* Info.plist */ = {isa = PBXFileReference; lastKnownFileType = text.plist.xml; path = Info.plist; sourceTree = "<group>"; };
		2FF1B8121ECAEDC700CB176D /* MainHomeViewController.swift */ = {isa = PBXFileReference; fileEncoding = 4; lastKnownFileType = sourcecode.swift; path = MainHomeViewController.swift; sourceTree = "<group>"; };
		2FF1B8141ECAEEE100CB176D /* NewsViewController.swift */ = {isa = PBXFileReference; fileEncoding = 4; lastKnownFileType = sourcecode.swift; path = NewsViewController.swift; sourceTree = "<group>"; };
		2FF1B8161ECAEEF100CB176D /* StreamViewController.swift */ = {isa = PBXFileReference; fileEncoding = 4; lastKnownFileType = sourcecode.swift; path = StreamViewController.swift; sourceTree = "<group>"; };
		2FF1B8181ECAEF0000CB176D /* CategoryViewController.swift */ = {isa = PBXFileReference; fileEncoding = 4; lastKnownFileType = sourcecode.swift; path = CategoryViewController.swift; sourceTree = "<group>"; };
		2FF9919B1ED6339C003A248A /* extensions.swift */ = {isa = PBXFileReference; fileEncoding = 4; lastKnownFileType = sourcecode.swift; path = extensions.swift; sourceTree = "<group>"; };
		41797D18BFE0165A4176FCE9 /* Pods-SanaMediaTests.debug.xcconfig */ = {isa = PBXFileReference; includeInIndex = 1; lastKnownFileType = text.xcconfig; name = "Pods-SanaMediaTests.debug.xcconfig"; path = "Pods/Target Support Files/Pods-SanaMediaTests/Pods-SanaMediaTests.debug.xcconfig"; sourceTree = "<group>"; };
		451A582D8E1893432720126B /* Pods-SanaMediaUITests.debug.xcconfig */ = {isa = PBXFileReference; includeInIndex = 1; lastKnownFileType = text.xcconfig; name = "Pods-SanaMediaUITests.debug.xcconfig"; path = "Pods/Target Support Files/Pods-SanaMediaUITests/Pods-SanaMediaUITests.debug.xcconfig"; sourceTree = "<group>"; };
		51A9D021C1C5D85B684D9608 /* Pods-SanaMediaUITests.release.xcconfig */ = {isa = PBXFileReference; includeInIndex = 1; lastKnownFileType = text.xcconfig; name = "Pods-SanaMediaUITests.release.xcconfig"; path = "Pods/Target Support Files/Pods-SanaMediaUITests/Pods-SanaMediaUITests.release.xcconfig"; sourceTree = "<group>"; };
		7D7F40CB7DAE336E7C349A87 /* Pods-SanaMediaTests.release.xcconfig */ = {isa = PBXFileReference; includeInIndex = 1; lastKnownFileType = text.xcconfig; name = "Pods-SanaMediaTests.release.xcconfig"; path = "Pods/Target Support Files/Pods-SanaMediaTests/Pods-SanaMediaTests.release.xcconfig"; sourceTree = "<group>"; };
		864E08A48A247574913FFCA8 /* Pods-SanaMedia.debug.xcconfig */ = {isa = PBXFileReference; includeInIndex = 1; lastKnownFileType = text.xcconfig; name = "Pods-SanaMedia.debug.xcconfig"; path = "Pods/Target Support Files/Pods-SanaMedia/Pods-SanaMedia.debug.xcconfig"; sourceTree = "<group>"; };
		915F34F4FF9B2A8DC381B001 /* Pods-SanaMedia.release.xcconfig */ = {isa = PBXFileReference; includeInIndex = 1; lastKnownFileType = text.xcconfig; name = "Pods-SanaMedia.release.xcconfig"; path = "Pods/Target Support Files/Pods-SanaMedia/Pods-SanaMedia.release.xcconfig"; sourceTree = "<group>"; };
		ACD8A98300FC0A31E583BF1F /* Pods_SanaMedia.framework */ = {isa = PBXFileReference; explicitFileType = wrapper.framework; includeInIndex = 0; path = Pods_SanaMedia.framework; sourceTree = BUILT_PRODUCTS_DIR; };
		EB79203A8266CB7D1100938D /* Pods_SanaMediaTests.framework */ = {isa = PBXFileReference; explicitFileType = wrapper.framework; includeInIndex = 0; path = Pods_SanaMediaTests.framework; sourceTree = BUILT_PRODUCTS_DIR; };
/* End PBXFileReference section */

/* Begin PBXFrameworksBuildPhase section */
		2FF1B7DE1ECAE0B300CB176D /* Frameworks */ = {
			isa = PBXFrameworksBuildPhase;
			buildActionMask = 2147483647;
			files = (
				6835B032A493CAC93CC5DCCF /* Pods_SanaMedia.framework in Frameworks */,
			);
			runOnlyForDeploymentPostprocessing = 0;
		};
		2FF1B7F21ECAE0B300CB176D /* Frameworks */ = {
			isa = PBXFrameworksBuildPhase;
			buildActionMask = 2147483647;
			files = (
				6947F8DEFA8AE24CFD9DF577 /* Pods_SanaMediaTests.framework in Frameworks */,
			);
			runOnlyForDeploymentPostprocessing = 0;
		};
		2FF1B7FD1ECAE0B300CB176D /* Frameworks */ = {
			isa = PBXFrameworksBuildPhase;
			buildActionMask = 2147483647;
			files = (
				F626FAE54D306A049175AC2C /* Pods_SanaMediaUITests.framework in Frameworks */,
			);
			runOnlyForDeploymentPostprocessing = 0;
		};
/* End PBXFrameworksBuildPhase section */

/* Begin PBXGroup section */
		2F1E82B91ECC37F600EA0FC6 /* Tabs */ = {
			isa = PBXGroup;
			children = (
				2F1E82BF1ECC38B500EA0FC6 /* Category */,
				2F1E82BE1ECC38B000EA0FC6 /* Stream */,
				2F1E82BD1ECC38AB00EA0FC6 /* News */,
				2F1E82BC1ECC38A500EA0FC6 /* Main */,
			);
			name = Tabs;
			sourceTree = "<group>";
		};
		2F1E82BA1ECC380B00EA0FC6 /* Main */ = {
			isa = PBXGroup;
			children = (
				2F1E82BB1ECC383F00EA0FC6 /* StoryBoards */,
				2FF1B7E41ECAE0B300CB176D /* AppDelegate.swift */,
				2FF1B7E61ECAE0B300CB176D /* TabBar.swift */,
				2F1E82CB1ECCD92500EA0FC6 /* Singleton.swift */,
				2F84FBF81F03054A00EF3A8C /* User.swift */,
				2FF9919B1ED6339C003A248A /* extensions.swift */,
			);
			name = Main;
			sourceTree = "<group>";
		};
		2F1E82BB1ECC383F00EA0FC6 /* StoryBoards */ = {
			isa = PBXGroup;
			children = (
				2FF1B7E81ECAE0B300CB176D /* Main.storyboard */,
				2FF1B7ED1ECAE0B300CB176D /* LaunchScreen.storyboard */,
			);
			name = StoryBoards;
			sourceTree = "<group>";
		};
		2F1E82BC1ECC38A500EA0FC6 /* Main */ = {
			isa = PBXGroup;
			children = (
				2FF1B8121ECAEDC700CB176D /* MainHomeViewController.swift */,
				2F921FFB1ED643600093932B /* Videos */,
				2F9220031ED646130093932B /* Images */,
				2F9220021ED646080093932B /* Musics */,
				2F9220041ED646180093932B /* Ebooks */,
				2F9105F01EFC769100202B36 /* MusicAlbums */,
				2F9106001EFC7E0900202B36 /* MovieSerials */,
			);
			name = Main;
			sourceTree = "<group>";
		};
		2F1E82BD1ECC38AB00EA0FC6 /* News */ = {
			isa = PBXGroup;
			children = (
				2FF1B8141ECAEEE100CB176D /* NewsViewController.swift */,
				2F9106071EFD307900202B36 /* NewsCell.swift */,
				2FE246BD1F01951700881D92 /* FullNews.swift */,
			);
			name = News;
			sourceTree = "<group>";
		};
		2F1E82BE1ECC38B000EA0FC6 /* Stream */ = {
			isa = PBXGroup;
			children = (
				2FF1B8161ECAEEF100CB176D /* StreamViewController.swift */,
				2F91060D1EFD606000202B36 /* TVCell.swift */,
			);
			name = Stream;
			sourceTree = "<group>";
		};
		2F1E82BF1ECC38B500EA0FC6 /* Category */ = {
			isa = PBXGroup;
			children = (
				2F45886B1F006DDC00C0A233 /* TopTabBar.swift */,
				2FF1B8181ECAEF0000CB176D /* CategoryViewController.swift */,
			);
			name = Category;
			sourceTree = "<group>";
		};
		2F1E82C01ECC38CF00EA0FC6 /* Models */ = {
			isa = PBXGroup;
			children = (
				2F1E82C11ECC395B00EA0FC6 /* Movie.swift */,
				2F1E82C31ECC3DF600EA0FC6 /* Music.swift */,
				2F1E82C71ECCD10C00EA0FC6 /* EBook.swift */,
				2F1E82C91ECCD11A00EA0FC6 /* Image.swift */,
				2F9105EC1EFC759600202B36 /* MusicAlbum.swift */,
				2F9105FD1EFC7BE100202B36 /* MovieSerial.swift */,
				2F9106051EFD2A3400202B36 /* News.swift */,
				2F9106091EFD59E300202B36 /* TV.swift */,
				2FE246C21F01C05B00881D92 /* Comment.swift */,
				2F1A87CF1F07180500065DF8 /* UserMessage.swift */,
			);
			name = Models;
			sourceTree = "<group>";
		};
		2F1E82CE1ECCE05700EA0FC6 /* Assest */ = {
			isa = PBXGroup;
			children = (
				2FF1B7EB1ECAE0B300CB176D /* Assets.xcassets */,
				2FF1B7F01ECAE0B300CB176D /* Info.plist */,
			);
			name = Assest;
			sourceTree = "<group>";
		};
		2F7183B91ECDFF4700C369BB /* IBDesignable */ = {
			isa = PBXGroup;
			children = (
				2F84FBF61F02FE1B00EF3A8C /* FloatLabelTextField.swift */,
				2FEDC1DB1ECE5BD1004EE0D2 /* DesignableButton.swift */,
				2F1A87CD1F07171700065DF8 /* DesignableLabel.swift */,
			);
			name = IBDesignable;
			sourceTree = "<group>";
		};
		2F9105F01EFC769100202B36 /* MusicAlbums */ = {
			isa = PBXGroup;
			children = (
				2F9105F21EFC76DD00202B36 /* MusicAlbumsCell.swift */,
				2F9105F11EFC76DD00202B36 /* MusicAlbumCell.swift */,
			);
			name = MusicAlbums;
			sourceTree = "<group>";
		};
		2F9106001EFC7E0900202B36 /* MovieSerials */ = {
			isa = PBXGroup;
			children = (
				2F9106011EFC7E3900202B36 /* MovieSerialsCell.swift */,
				2F9106031EFC7E5400202B36 /* MovieSerialCell.swift */,
			);
			name = MovieSerials;
			sourceTree = "<group>";
		};
		2F921FFB1ED643600093932B /* Videos */ = {
			isa = PBXGroup;
			children = (
				2F921FF11ED63EF10093932B /* VideosCell.swift */,
				2F921FF91ED642740093932B /* VideoCell.swift */,
			);
			name = Videos;
			sourceTree = "<group>";
		};
		2F9220021ED646080093932B /* Musics */ = {
			isa = PBXGroup;
			children = (
				2F9105FA1EFC788500202B36 /* MusicsCell.swift */,
				2F9105F91EFC788500202B36 /* MusicCell.swift */,
			);
			name = Musics;
			sourceTree = "<group>";
		};
		2F9220031ED646130093932B /* Images */ = {
			isa = PBXGroup;
			children = (
				2F921FF51ED63F0D0093932B /* ImagesCell.swift */,
				2F921FFE1ED645C80093932B /* ImageCell.swift */,
			);
			name = Images;
			sourceTree = "<group>";
		};
		2F9220041ED646180093932B /* Ebooks */ = {
			isa = PBXGroup;
			children = (
				2F921FF71ED63F190093932B /* EbooksCell.swift */,
				2F9220001ED645E20093932B /* EbookCell.swift */,
			);
			name = Ebooks;
			sourceTree = "<group>";
		};
		2FE246C11F01C03500881D92 /* ShareClasses */ = {
			isa = PBXGroup;
			children = (
				2FE246BF1F01C02F00881D92 /* CommentCell.swift */,
				2F84FBF41F02FBF400EF3A8C /* RegisterLoginViewController.swift */,
				2F84FBFA1F032EF800EF3A8C /* Profile.swift */,
				2F1A87D11F07189000065DF8 /* MessageCell.swift */,
				2F1A87D31F07363900065DF8 /* moviePopup.swift */,
				2FCD153B1F0A3C890038107B /* serialPopup.swift */,
				2FCD153F1F0A3CD50038107B /* imagePopup.swift */,
				2FCD153D1F0A3CC50038107B /* musicPopup.swift */,
				2FCD15411F0A3CF70038107B /* ebookPopup.swift */,
				2FCD15431F0A3D0E0038107B /* albumPopup.swift */,
			);
			name = ShareClasses;
			sourceTree = "<group>";
		};
		2FF1B7D81ECAE0B300CB176D = {
			isa = PBXGroup;
			children = (
				2FF1B7E31ECAE0B300CB176D /* SanaMedia */,
				2FF1B7F81ECAE0B300CB176D /* SanaMediaTests */,
				2FF1B8031ECAE0B300CB176D /* SanaMediaUITests */,
				2FF1B7E21ECAE0B300CB176D /* Products */,
				AB9312990F6FB024002971D2 /* Pods */,
				34CEA78F49D0D29AAFD8AA9D /* Frameworks */,
			);
			sourceTree = "<group>";
		};
		2FF1B7E21ECAE0B300CB176D /* Products */ = {
			isa = PBXGroup;
			children = (
				2FF1B7E11ECAE0B300CB176D /* SanaMedia.app */,
				2FF1B7F51ECAE0B300CB176D /* SanaMediaTests.xctest */,
				2FF1B8001ECAE0B300CB176D /* SanaMediaUITests.xctest */,
			);
			name = Products;
			sourceTree = "<group>";
		};
		2FF1B7E31ECAE0B300CB176D /* SanaMedia */ = {
			isa = PBXGroup;
			children = (
				2F7183B91ECDFF4700C369BB /* IBDesignable */,
				2F1E82C01ECC38CF00EA0FC6 /* Models */,
				2FE246C11F01C03500881D92 /* ShareClasses */,
				2F1E82B91ECC37F600EA0FC6 /* Tabs */,
				2F1E82BA1ECC380B00EA0FC6 /* Main */,
				2F1E82CE1ECCE05700EA0FC6 /* Assest */,
			);
			path = SanaMedia;
			sourceTree = "<group>";
		};
		2FF1B7F81ECAE0B300CB176D /* SanaMediaTests */ = {
			isa = PBXGroup;
			children = (
				2FF1B7F91ECAE0B300CB176D /* SanaMediaTests.swift */,
				2FF1B7FB1ECAE0B300CB176D /* Info.plist */,
			);
			path = SanaMediaTests;
			sourceTree = "<group>";
		};
		2FF1B8031ECAE0B300CB176D /* SanaMediaUITests */ = {
			isa = PBXGroup;
			children = (
				2FF1B8041ECAE0B300CB176D /* SanaMediaUITests.swift */,
				2FF1B8061ECAE0B300CB176D /* Info.plist */,
			);
			path = SanaMediaUITests;
			sourceTree = "<group>";
		};
		34CEA78F49D0D29AAFD8AA9D /* Frameworks */ = {
			isa = PBXGroup;
			children = (
				ACD8A98300FC0A31E583BF1F /* Pods_SanaMedia.framework */,
				EB79203A8266CB7D1100938D /* Pods_SanaMediaTests.framework */,
				17D6BC9B183B53348A193ECA /* Pods_SanaMediaUITests.framework */,
			);
			name = Frameworks;
			sourceTree = "<group>";
		};
		AB9312990F6FB024002971D2 /* Pods */ = {
			isa = PBXGroup;
			children = (
				864E08A48A247574913FFCA8 /* Pods-SanaMedia.debug.xcconfig */,
				915F34F4FF9B2A8DC381B001 /* Pods-SanaMedia.release.xcconfig */,
				41797D18BFE0165A4176FCE9 /* Pods-SanaMediaTests.debug.xcconfig */,
				7D7F40CB7DAE336E7C349A87 /* Pods-SanaMediaTests.release.xcconfig */,
				451A582D8E1893432720126B /* Pods-SanaMediaUITests.debug.xcconfig */,
				51A9D021C1C5D85B684D9608 /* Pods-SanaMediaUITests.release.xcconfig */,
			);
			name = Pods;
			sourceTree = "<group>";
		};
/* End PBXGroup section */

/* Begin PBXNativeTarget section */
		2FF1B7E01ECAE0B300CB176D /* SanaMedia */ = {
			isa = PBXNativeTarget;
			buildConfigurationList = 2FF1B8091ECAE0B300CB176D /* Build configuration list for PBXNativeTarget "SanaMedia" */;
			buildPhases = (
				8BC17AE0367EF33BE1E2C34E /* [CP] Check Pods Manifest.lock */,
				2FF1B7DD1ECAE0B300CB176D /* Sources */,
				2FF1B7DE1ECAE0B300CB176D /* Frameworks */,
				2FF1B7DF1ECAE0B300CB176D /* Resources */,
				19097474EEAB6FE59B0F646F /* [CP] Embed Pods Frameworks */,
				100C6077986701ADC67B9A8B /* [CP] Copy Pods Resources */,
			);
			buildRules = (
			);
			dependencies = (
			);
			name = SanaMedia;
			productName = SanaMedia;
			productReference = 2FF1B7E11ECAE0B300CB176D /* SanaMedia.app */;
			productType = "com.apple.product-type.application";
		};
		2FF1B7F41ECAE0B300CB176D /* SanaMediaTests */ = {
			isa = PBXNativeTarget;
			buildConfigurationList = 2FF1B80C1ECAE0B300CB176D /* Build configuration list for PBXNativeTarget "SanaMediaTests" */;
			buildPhases = (
				2871E226A9F45B7E8E392B6A /* [CP] Check Pods Manifest.lock */,
				2FF1B7F11ECAE0B300CB176D /* Sources */,
				2FF1B7F21ECAE0B300CB176D /* Frameworks */,
				2FF1B7F31ECAE0B300CB176D /* Resources */,
				368F18BCD6787AC1D285DA3C /* [CP] Embed Pods Frameworks */,
				F5EF07A72A9DE92CC4339527 /* [CP] Copy Pods Resources */,
			);
			buildRules = (
			);
			dependencies = (
				2FF1B7F71ECAE0B300CB176D /* PBXTargetDependency */,
			);
			name = SanaMediaTests;
			productName = SanaMediaTests;
			productReference = 2FF1B7F51ECAE0B300CB176D /* SanaMediaTests.xctest */;
			productType = "com.apple.product-type.bundle.unit-test";
		};
		2FF1B7FF1ECAE0B300CB176D /* SanaMediaUITests */ = {
			isa = PBXNativeTarget;
			buildConfigurationList = 2FF1B80F1ECAE0B300CB176D /* Build configuration list for PBXNativeTarget "SanaMediaUITests" */;
			buildPhases = (
				23D14CB618B81E36BB06E196 /* [CP] Check Pods Manifest.lock */,
				2FF1B7FC1ECAE0B300CB176D /* Sources */,
				2FF1B7FD1ECAE0B300CB176D /* Frameworks */,
				2FF1B7FE1ECAE0B300CB176D /* Resources */,
				25635D78056AF7FDEFC3F366 /* [CP] Embed Pods Frameworks */,
				3BD2584FD6A373E59AC68C43 /* [CP] Copy Pods Resources */,
			);
			buildRules = (
			);
			dependencies = (
				2FF1B8021ECAE0B300CB176D /* PBXTargetDependency */,
			);
			name = SanaMediaUITests;
			productName = SanaMediaUITests;
			productReference = 2FF1B8001ECAE0B300CB176D /* SanaMediaUITests.xctest */;
			productType = "com.apple.product-type.bundle.ui-testing";
		};
/* End PBXNativeTarget section */

/* Begin PBXProject section */
		2FF1B7D91ECAE0B300CB176D /* Project object */ = {
			isa = PBXProject;
			attributes = {
				LastSwiftUpdateCheck = 0830;
				LastUpgradeCheck = 0900;
				ORGANIZATIONNAME = "Crux Tech Ltd";
				TargetAttributes = {
					2FF1B7E01ECAE0B300CB176D = {
						CreatedOnToolsVersion = 8.3.2;
						DevelopmentTeam = BJ9VCS422A;
						LastSwiftMigration = 0900;
						ProvisioningStyle = Automatic;
					};
					2FF1B7F41ECAE0B300CB176D = {
						CreatedOnToolsVersion = 8.3.2;
						DevelopmentTeam = BJ9VCS422A;
						LastSwiftMigration = 0900;
						ProvisioningStyle = Automatic;
						TestTargetID = 2FF1B7E01ECAE0B300CB176D;
					};
					2FF1B7FF1ECAE0B300CB176D = {
						CreatedOnToolsVersion = 8.3.2;
						DevelopmentTeam = BJ9VCS422A;
						LastSwiftMigration = 0900;
						ProvisioningStyle = Automatic;
						TestTargetID = 2FF1B7E01ECAE0B300CB176D;
					};
				};
			};
			buildConfigurationList = 2FF1B7DC1ECAE0B300CB176D /* Build configuration list for PBXProject "SanaMedia" */;
			compatibilityVersion = "Xcode 3.2";
			developmentRegion = English;
			hasScannedForEncodings = 0;
			knownRegions = (
				en,
				Base,
			);
			mainGroup = 2FF1B7D81ECAE0B300CB176D;
			productRefGroup = 2FF1B7E21ECAE0B300CB176D /* Products */;
			projectDirPath = "";
			projectRoot = "";
			targets = (
				2FF1B7E01ECAE0B300CB176D /* SanaMedia */,
				2FF1B7F41ECAE0B300CB176D /* SanaMediaTests */,
				2FF1B7FF1ECAE0B300CB176D /* SanaMediaUITests */,
			);
		};
/* End PBXProject section */

/* Begin PBXResourcesBuildPhase section */
		2FF1B7DF1ECAE0B300CB176D /* Resources */ = {
			isa = PBXResourcesBuildPhase;
			buildActionMask = 2147483647;
			files = (
				2FF1B7EF1ECAE0B300CB176D /* LaunchScreen.storyboard in Resources */,
				2FF1B7EC1ECAE0B300CB176D /* Assets.xcassets in Resources */,
				2FF1B7EA1ECAE0B300CB176D /* Main.storyboard in Resources */,
			);
			runOnlyForDeploymentPostprocessing = 0;
		};
		2FF1B7F31ECAE0B300CB176D /* Resources */ = {
			isa = PBXResourcesBuildPhase;
			buildActionMask = 2147483647;
			files = (
			);
			runOnlyForDeploymentPostprocessing = 0;
		};
		2FF1B7FE1ECAE0B300CB176D /* Resources */ = {
			isa = PBXResourcesBuildPhase;
			buildActionMask = 2147483647;
			files = (
			);
			runOnlyForDeploymentPostprocessing = 0;
		};
/* End PBXResourcesBuildPhase section */

/* Begin PBXShellScriptBuildPhase section */
		100C6077986701ADC67B9A8B /* [CP] Copy Pods Resources */ = {
			isa = PBXShellScriptBuildPhase;
			buildActionMask = 2147483647;
			files = (
			);
			inputPaths = (
			);
			name = "[CP] Copy Pods Resources";
			outputPaths = (
			);
			runOnlyForDeploymentPostprocessing = 0;
			shellPath = /bin/sh;
			shellScript = "\"${SRCROOT}/Pods/Target Support Files/Pods-SanaMedia/Pods-SanaMedia-resources.sh\"\n";
			showEnvVarsInLog = 0;
		};
		19097474EEAB6FE59B0F646F /* [CP] Embed Pods Frameworks */ = {
			isa = PBXShellScriptBuildPhase;
			buildActionMask = 2147483647;
			files = (
			);
			inputPaths = (
				"${SRCROOT}/Pods/Target Support Files/Pods-SanaMedia/Pods-SanaMedia-frameworks.sh",
				"${BUILT_PRODUCTS_DIR}/Alamofire/Alamofire.framework",
				"${BUILT_PRODUCTS_DIR}/Cosmos/Cosmos.framework",
				"${BUILT_PRODUCTS_DIR}/EasyToast/EasyToast.framework",
				"${BUILT_PRODUCTS_DIR}/ExpandableTableViewController/ExpandableTableViewController.framework",
				"${BUILT_PRODUCTS_DIR}/LIHImageSlider/LIHImageSlider.framework",
				"${BUILT_PRODUCTS_DIR}/SwipeableTabBarController/SwipeableTabBarController.framework",
			);
			name = "[CP] Embed Pods Frameworks";
			outputPaths = (
				"${TARGET_BUILD_DIR}/${FRAMEWORKS_FOLDER_PATH}/Alamofire.framework",
				"${TARGET_BUILD_DIR}/${FRAMEWORKS_FOLDER_PATH}/Cosmos.framework",
				"${TARGET_BUILD_DIR}/${FRAMEWORKS_FOLDER_PATH}/EasyToast.framework",
				"${TARGET_BUILD_DIR}/${FRAMEWORKS_FOLDER_PATH}/ExpandableTableViewController.framework",
				"${TARGET_BUILD_DIR}/${FRAMEWORKS_FOLDER_PATH}/LIHImageSlider.framework",
				"${TARGET_BUILD_DIR}/${FRAMEWORKS_FOLDER_PATH}/SwipeableTabBarController.framework",
			);
			runOnlyForDeploymentPostprocessing = 0;
			shellPath = /bin/sh;
			shellScript = "\"${SRCROOT}/Pods/Target Support Files/Pods-SanaMedia/Pods-SanaMedia-frameworks.sh\"\n";
			showEnvVarsInLog = 0;
		};
		23D14CB618B81E36BB06E196 /* [CP] Check Pods Manifest.lock */ = {
			isa = PBXShellScriptBuildPhase;
			buildActionMask = 2147483647;
			files = (
			);
			inputPaths = (
				"${PODS_PODFILE_DIR_PATH}/Podfile.lock",
				"${PODS_ROOT}/Manifest.lock",
			);
			name = "[CP] Check Pods Manifest.lock";
			outputPaths = (
				"$(DERIVED_FILE_DIR)/Pods-SanaMediaUITests-checkManifestLockResult.txt",
			);
			runOnlyForDeploymentPostprocessing = 0;
			shellPath = /bin/sh;
			shellScript = "diff \"${PODS_PODFILE_DIR_PATH}/Podfile.lock\" \"${PODS_ROOT}/Manifest.lock\" > /dev/null\nif [ $? != 0 ] ; then\n    # print error to STDERR\n    echo \"error: The sandbox is not in sync with the Podfile.lock. Run 'pod install' or update your CocoaPods installation.\" >&2\n    exit 1\nfi\n# This output is used by Xcode 'outputs' to avoid re-running this script phase.\necho \"SUCCESS\" > \"${SCRIPT_OUTPUT_FILE_0}\"\n";
			showEnvVarsInLog = 0;
		};
		25635D78056AF7FDEFC3F366 /* [CP] Embed Pods Frameworks */ = {
			isa = PBXShellScriptBuildPhase;
			buildActionMask = 2147483647;
			files = (
			);
			inputPaths = (
			);
			name = "[CP] Embed Pods Frameworks";
			outputPaths = (
			);
			runOnlyForDeploymentPostprocessing = 0;
			shellPath = /bin/sh;
			shellScript = "\"${SRCROOT}/Pods/Target Support Files/Pods-SanaMediaUITests/Pods-SanaMediaUITests-frameworks.sh\"\n";
			showEnvVarsInLog = 0;
		};
		2871E226A9F45B7E8E392B6A /* [CP] Check Pods Manifest.lock */ = {
			isa = PBXShellScriptBuildPhase;
			buildActionMask = 2147483647;
			files = (
			);
			inputPaths = (
				"${PODS_PODFILE_DIR_PATH}/Podfile.lock",
				"${PODS_ROOT}/Manifest.lock",
			);
			name = "[CP] Check Pods Manifest.lock";
			outputPaths = (
				"$(DERIVED_FILE_DIR)/Pods-SanaMediaTests-checkManifestLockResult.txt",
			);
			runOnlyForDeploymentPostprocessing = 0;
			shellPath = /bin/sh;
			shellScript = "diff \"${PODS_PODFILE_DIR_PATH}/Podfile.lock\" \"${PODS_ROOT}/Manifest.lock\" > /dev/null\nif [ $? != 0 ] ; then\n    # print error to STDERR\n    echo \"error: The sandbox is not in sync with the Podfile.lock. Run 'pod install' or update your CocoaPods installation.\" >&2\n    exit 1\nfi\n# This output is used by Xcode 'outputs' to avoid re-running this script phase.\necho \"SUCCESS\" > \"${SCRIPT_OUTPUT_FILE_0}\"\n";
			showEnvVarsInLog = 0;
		};
		368F18BCD6787AC1D285DA3C /* [CP] Embed Pods Frameworks */ = {
			isa = PBXShellScriptBuildPhase;
			buildActionMask = 2147483647;
			files = (
			);
			inputPaths = (
			);
			name = "[CP] Embed Pods Frameworks";
			outputPaths = (
			);
			runOnlyForDeploymentPostprocessing = 0;
			shellPath = /bin/sh;
			shellScript = "\"${SRCROOT}/Pods/Target Support Files/Pods-SanaMediaTests/Pods-SanaMediaTests-frameworks.sh\"\n";
			showEnvVarsInLog = 0;
		};
		3BD2584FD6A373E59AC68C43 /* [CP] Copy Pods Resources */ = {
			isa = PBXShellScriptBuildPhase;
			buildActionMask = 2147483647;
			files = (
			);
			inputPaths = (
			);
			name = "[CP] Copy Pods Resources";
			outputPaths = (
			);
			runOnlyForDeploymentPostprocessing = 0;
			shellPath = /bin/sh;
			shellScript = "\"${SRCROOT}/Pods/Target Support Files/Pods-SanaMediaUITests/Pods-SanaMediaUITests-resources.sh\"\n";
			showEnvVarsInLog = 0;
		};
		8BC17AE0367EF33BE1E2C34E /* [CP] Check Pods Manifest.lock */ = {
			isa = PBXShellScriptBuildPhase;
			buildActionMask = 2147483647;
			files = (
			);
			inputPaths = (
				"${PODS_PODFILE_DIR_PATH}/Podfile.lock",
				"${PODS_ROOT}/Manifest.lock",
			);
			name = "[CP] Check Pods Manifest.lock";
			outputPaths = (
				"$(DERIVED_FILE_DIR)/Pods-SanaMedia-checkManifestLockResult.txt",
			);
			runOnlyForDeploymentPostprocessing = 0;
			shellPath = /bin/sh;
			shellScript = "diff \"${PODS_PODFILE_DIR_PATH}/Podfile.lock\" \"${PODS_ROOT}/Manifest.lock\" > /dev/null\nif [ $? != 0 ] ; then\n    # print error to STDERR\n    echo \"error: The sandbox is not in sync with the Podfile.lock. Run 'pod install' or update your CocoaPods installation.\" >&2\n    exit 1\nfi\n# This output is used by Xcode 'outputs' to avoid re-running this script phase.\necho \"SUCCESS\" > \"${SCRIPT_OUTPUT_FILE_0}\"\n";
			showEnvVarsInLog = 0;
		};
		F5EF07A72A9DE92CC4339527 /* [CP] Copy Pods Resources */ = {
			isa = PBXShellScriptBuildPhase;
			buildActionMask = 2147483647;
			files = (
			);
			inputPaths = (
			);
			name = "[CP] Copy Pods Resources";
			outputPaths = (
			);
			runOnlyForDeploymentPostprocessing = 0;
			shellPath = /bin/sh;
			shellScript = "\"${SRCROOT}/Pods/Target Support Files/Pods-SanaMediaTests/Pods-SanaMediaTests-resources.sh\"\n";
			showEnvVarsInLog = 0;
		};
/* End PBXShellScriptBuildPhase section */

/* Begin PBXSourcesBuildPhase section */
		2FF1B7DD1ECAE0B300CB176D /* Sources */ = {
			isa = PBXSourcesBuildPhase;
			buildActionMask = 2147483647;
			files = (
				2FCD15441F0A3D0E0038107B /* albumPopup.swift in Sources */,
				2F9105FB1EFC788500202B36 /* MusicCell.swift in Sources */,
				2F9105F31EFC76DD00202B36 /* MusicAlbumCell.swift in Sources */,
				2F9106041EFC7E5400202B36 /* MovieSerialCell.swift in Sources */,
				2F1E82C21ECC395B00EA0FC6 /* Movie.swift in Sources */,
				2FCD153C1F0A3C890038107B /* serialPopup.swift in Sources */,
				2F9106081EFD307900202B36 /* NewsCell.swift in Sources */,
				2F921FF81ED63F190093932B /* EbooksCell.swift in Sources */,
				2F921FF21ED63EF10093932B /* VideosCell.swift in Sources */,
				2F91060E1EFD606000202B36 /* TVCell.swift in Sources */,
				2F921FFF1ED645C80093932B /* ImageCell.swift in Sources */,
				2FE246C01F01C02F00881D92 /* CommentCell.swift in Sources */,
				2FE246C31F01C05B00881D92 /* Comment.swift in Sources */,
				2FCD15401F0A3CD60038107B /* imagePopup.swift in Sources */,
				2F45886C1F006DDC00C0A233 /* TopTabBar.swift in Sources */,
				2FF1B8171ECAEEF100CB176D /* StreamViewController.swift in Sources */,
				2FCD15421F0A3CF70038107B /* ebookPopup.swift in Sources */,
				2FF1B7E71ECAE0B300CB176D /* TabBar.swift in Sources */,
				2F9220011ED645E20093932B /* EbookCell.swift in Sources */,
				2F9105ED1EFC759600202B36 /* MusicAlbum.swift in Sources */,
				2F1A87D01F07180500065DF8 /* UserMessage.swift in Sources */,
				2F84FBFB1F032EF800EF3A8C /* Profile.swift in Sources */,
				2F1A87D41F07363900065DF8 /* moviePopup.swift in Sources */,
				2F9106021EFC7E3900202B36 /* MovieSerialsCell.swift in Sources */,
				2FF1B8131ECAEDC700CB176D /* MainHomeViewController.swift in Sources */,
				2F84FBF91F03054A00EF3A8C /* User.swift in Sources */,
				2FF1B7E51ECAE0B300CB176D /* AppDelegate.swift in Sources */,
				2F84FBF51F02FBF400EF3A8C /* RegisterLoginViewController.swift in Sources */,
				2F9105FE1EFC7BE100202B36 /* MovieSerial.swift in Sources */,
				2F921FFA1ED642740093932B /* VideoCell.swift in Sources */,
				2FF1B8191ECAEF0000CB176D /* CategoryViewController.swift in Sources */,
				2F84FBF71F02FE1B00EF3A8C /* FloatLabelTextField.swift in Sources */,
				2F1E82CC1ECCD92500EA0FC6 /* Singleton.swift in Sources */,
				2F9106061EFD2A3400202B36 /* News.swift in Sources */,
				2F9105FC1EFC788500202B36 /* MusicsCell.swift in Sources */,
				2F9105F41EFC76DD00202B36 /* MusicAlbumsCell.swift in Sources */,
				2F1A87CE1F07171700065DF8 /* DesignableLabel.swift in Sources */,
				2FCD153E1F0A3CC50038107B /* musicPopup.swift in Sources */,
				2FF1B8151ECAEEE100CB176D /* NewsViewController.swift in Sources */,
				2F91060A1EFD59E300202B36 /* TV.swift in Sources */,
				2FE246BE1F01951700881D92 /* FullNews.swift in Sources */,
				2F1E82C41ECC3DF600EA0FC6 /* Music.swift in Sources */,
				2F1E82C81ECCD10C00EA0FC6 /* EBook.swift in Sources */,
				2FF9919C1ED6339C003A248A /* extensions.swift in Sources */,
				2F1E82CA1ECCD11A00EA0FC6 /* Image.swift in Sources */,
				2F921FF61ED63F0D0093932B /* ImagesCell.swift in Sources */,
				2FEDC1DC1ECE5BD1004EE0D2 /* DesignableButton.swift in Sources */,
				2F1A87D21F07189000065DF8 /* MessageCell.swift in Sources */,
			);
			runOnlyForDeploymentPostprocessing = 0;
		};
		2FF1B7F11ECAE0B300CB176D /* Sources */ = {
			isa = PBXSourcesBuildPhase;
			buildActionMask = 2147483647;
			files = (
				2FF1B7FA1ECAE0B300CB176D /* SanaMediaTests.swift in Sources */,
			);
			runOnlyForDeploymentPostprocessing = 0;
		};
		2FF1B7FC1ECAE0B300CB176D /* Sources */ = {
			isa = PBXSourcesBuildPhase;
			buildActionMask = 2147483647;
			files = (
				2FF1B8051ECAE0B300CB176D /* SanaMediaUITests.swift in Sources */,
			);
			runOnlyForDeploymentPostprocessing = 0;
		};
/* End PBXSourcesBuildPhase section */

/* Begin PBXTargetDependency section */
		2FF1B7F71ECAE0B300CB176D /* PBXTargetDependency */ = {
			isa = PBXTargetDependency;
			target = 2FF1B7E01ECAE0B300CB176D /* SanaMedia */;
			targetProxy = 2FF1B7F61ECAE0B300CB176D /* PBXContainerItemProxy */;
		};
		2FF1B8021ECAE0B300CB176D /* PBXTargetDependency */ = {
			isa = PBXTargetDependency;
			target = 2FF1B7E01ECAE0B300CB176D /* SanaMedia */;
			targetProxy = 2FF1B8011ECAE0B300CB176D /* PBXContainerItemProxy */;
		};
/* End PBXTargetDependency section */

/* Begin PBXVariantGroup section */
		2FF1B7E81ECAE0B300CB176D /* Main.storyboard */ = {
			isa = PBXVariantGroup;
			children = (
				2FF1B7E91ECAE0B300CB176D /* Base */,
			);
			name = Main.storyboard;
			sourceTree = "<group>";
		};
		2FF1B7ED1ECAE0B300CB176D /* LaunchScreen.storyboard */ = {
			isa = PBXVariantGroup;
			children = (
				2FF1B7EE1ECAE0B300CB176D /* Base */,
			);
			name = LaunchScreen.storyboard;
			sourceTree = "<group>";
		};
/* End PBXVariantGroup section */

/* Begin XCBuildConfiguration section */
		2FF1B8071ECAE0B300CB176D /* Debug */ = {
			isa = XCBuildConfiguration;
			buildSettings = {
				ALWAYS_SEARCH_USER_PATHS = NO;
				CLANG_ANALYZER_NONNULL = YES;
				CLANG_ANALYZER_NUMBER_OBJECT_CONVERSION = YES_AGGRESSIVE;
				CLANG_CXX_LANGUAGE_STANDARD = "gnu++0x";
				CLANG_CXX_LIBRARY = "libc++";
				CLANG_ENABLE_MODULES = YES;
				CLANG_ENABLE_OBJC_ARC = YES;
				CLANG_WARN_BLOCK_CAPTURE_AUTORELEASING = YES;
				CLANG_WARN_BOOL_CONVERSION = YES;
				CLANG_WARN_COMMA = YES;
				CLANG_WARN_CONSTANT_CONVERSION = YES;
				CLANG_WARN_DIRECT_OBJC_ISA_USAGE = YES_ERROR;
				CLANG_WARN_DOCUMENTATION_COMMENTS = YES;
				CLANG_WARN_EMPTY_BODY = YES;
				CLANG_WARN_ENUM_CONVERSION = YES;
				CLANG_WARN_INFINITE_RECURSION = YES;
				CLANG_WARN_INT_CONVERSION = YES;
				CLANG_WARN_NON_LITERAL_NULL_CONVERSION = YES;
				CLANG_WARN_OBJC_LITERAL_CONVERSION = YES;
				CLANG_WARN_OBJC_ROOT_CLASS = YES_ERROR;
				CLANG_WARN_RANGE_LOOP_ANALYSIS = YES;
				CLANG_WARN_STRICT_PROTOTYPES = YES;
				CLANG_WARN_SUSPICIOUS_MOVE = YES;
				CLANG_WARN_UNREACHABLE_CODE = YES;
				CLANG_WARN__DUPLICATE_METHOD_MATCH = YES;
				"CODE_SIGN_IDENTITY[sdk=iphoneos*]" = "iPhone Developer";
				COPY_PHASE_STRIP = NO;
				DEBUG_INFORMATION_FORMAT = dwarf;
				ENABLE_STRICT_OBJC_MSGSEND = YES;
				ENABLE_TESTABILITY = YES;
				GCC_C_LANGUAGE_STANDARD = gnu99;
				GCC_DYNAMIC_NO_PIC = NO;
				GCC_NO_COMMON_BLOCKS = YES;
				GCC_OPTIMIZATION_LEVEL = 0;
				GCC_PREPROCESSOR_DEFINITIONS = (
					"DEBUG=1",
					"$(inherited)",
				);
				GCC_WARN_64_TO_32_BIT_CONVERSION = YES;
				GCC_WARN_ABOUT_RETURN_TYPE = YES_ERROR;
				GCC_WARN_UNDECLARED_SELECTOR = YES;
				GCC_WARN_UNINITIALIZED_AUTOS = YES_AGGRESSIVE;
				GCC_WARN_UNUSED_FUNCTION = YES;
				GCC_WARN_UNUSED_VARIABLE = YES;
				IPHONEOS_DEPLOYMENT_TARGET = 10.3;
				MTL_ENABLE_DEBUG_INFO = YES;
				ONLY_ACTIVE_ARCH = YES;
				SDKROOT = iphoneos;
				SWIFT_ACTIVE_COMPILATION_CONDITIONS = DEBUG;
				SWIFT_OPTIMIZATION_LEVEL = "-Onone";
			};
			name = Debug;
		};
		2FF1B8081ECAE0B300CB176D /* Release */ = {
			isa = XCBuildConfiguration;
			buildSettings = {
				ALWAYS_SEARCH_USER_PATHS = NO;
				CLANG_ANALYZER_NONNULL = YES;
				CLANG_ANALYZER_NUMBER_OBJECT_CONVERSION = YES_AGGRESSIVE;
				CLANG_CXX_LANGUAGE_STANDARD = "gnu++0x";
				CLANG_CXX_LIBRARY = "libc++";
				CLANG_ENABLE_MODULES = YES;
				CLANG_ENABLE_OBJC_ARC = YES;
				CLANG_WARN_BLOCK_CAPTURE_AUTORELEASING = YES;
				CLANG_WARN_BOOL_CONVERSION = YES;
				CLANG_WARN_COMMA = YES;
				CLANG_WARN_CONSTANT_CONVERSION = YES;
				CLANG_WARN_DIRECT_OBJC_ISA_USAGE = YES_ERROR;
				CLANG_WARN_DOCUMENTATION_COMMENTS = YES;
				CLANG_WARN_EMPTY_BODY = YES;
				CLANG_WARN_ENUM_CONVERSION = YES;
				CLANG_WARN_INFINITE_RECURSION = YES;
				CLANG_WARN_INT_CONVERSION = YES;
				CLANG_WARN_NON_LITERAL_NULL_CONVERSION = YES;
				CLANG_WARN_OBJC_LITERAL_CONVERSION = YES;
				CLANG_WARN_OBJC_ROOT_CLASS = YES_ERROR;
				CLANG_WARN_RANGE_LOOP_ANALYSIS = YES;
				CLANG_WARN_STRICT_PROTOTYPES = YES;
				CLANG_WARN_SUSPICIOUS_MOVE = YES;
				CLANG_WARN_UNREACHABLE_CODE = YES;
				CLANG_WARN__DUPLICATE_METHOD_MATCH = YES;
				"CODE_SIGN_IDENTITY[sdk=iphoneos*]" = "iPhone Developer";
				COPY_PHASE_STRIP = NO;
				DEBUG_INFORMATION_FORMAT = "dwarf-with-dsym";
				ENABLE_NS_ASSERTIONS = NO;
				ENABLE_STRICT_OBJC_MSGSEND = YES;
				GCC_C_LANGUAGE_STANDARD = gnu99;
				GCC_NO_COMMON_BLOCKS = YES;
				GCC_WARN_64_TO_32_BIT_CONVERSION = YES;
				GCC_WARN_ABOUT_RETURN_TYPE = YES_ERROR;
				GCC_WARN_UNDECLARED_SELECTOR = YES;
				GCC_WARN_UNINITIALIZED_AUTOS = YES_AGGRESSIVE;
				GCC_WARN_UNUSED_FUNCTION = YES;
				GCC_WARN_UNUSED_VARIABLE = YES;
				IPHONEOS_DEPLOYMENT_TARGET = 10.3;
				MTL_ENABLE_DEBUG_INFO = NO;
				SDKROOT = iphoneos;
				SWIFT_OPTIMIZATION_LEVEL = "-Owholemodule";
				VALIDATE_PRODUCT = YES;
			};
			name = Release;
		};
		2FF1B80A1ECAE0B300CB176D /* Debug */ = {
			isa = XCBuildConfiguration;
			baseConfigurationReference = 864E08A48A247574913FFCA8 /* Pods-SanaMedia.debug.xcconfig */;
			buildSettings = {
				ASSETCATALOG_COMPILER_APPICON_NAME = AppIcon;
				DEVELOPMENT_TEAM = BJ9VCS422A;
				INFOPLIST_FILE = SanaMedia/Info.plist;
				IPHONEOS_DEPLOYMENT_TARGET = 8.0;
				LD_RUNPATH_SEARCH_PATHS = "$(inherited) @executable_path/Frameworks";
				PRODUCT_BUNDLE_IDENTIFIER = CruxTechLtd.SanaMedia;
				PRODUCT_NAME = "$(TARGET_NAME)";
				SWIFT_SWIFT3_OBJC_INFERENCE = On;
				SWIFT_VERSION = 4.0;
			};
			name = Debug;
		};
		2FF1B80B1ECAE0B300CB176D /* Release */ = {
			isa = XCBuildConfiguration;
			baseConfigurationReference = 915F34F4FF9B2A8DC381B001 /* Pods-SanaMedia.release.xcconfig */;
			buildSettings = {
				ASSETCATALOG_COMPILER_APPICON_NAME = AppIcon;
				DEVELOPMENT_TEAM = BJ9VCS422A;
				INFOPLIST_FILE = SanaMedia/Info.plist;
				IPHONEOS_DEPLOYMENT_TARGET = 8.0;
				LD_RUNPATH_SEARCH_PATHS = "$(inherited) @executable_path/Frameworks";
				PRODUCT_BUNDLE_IDENTIFIER = CruxTechLtd.SanaMedia;
				PRODUCT_NAME = "$(TARGET_NAME)";
				SWIFT_SWIFT3_OBJC_INFERENCE = On;
				SWIFT_VERSION = 4.0;
			};
			name = Release;
		};
		2FF1B80D1ECAE0B300CB176D /* Debug */ = {
			isa = XCBuildConfiguration;
			baseConfigurationReference = 41797D18BFE0165A4176FCE9 /* Pods-SanaMediaTests.debug.xcconfig */;
			buildSettings = {
				ALWAYS_EMBED_SWIFT_STANDARD_LIBRARIES = YES;
				BUNDLE_LOADER = "$(TEST_HOST)";
				DEVELOPMENT_TEAM = BJ9VCS422A;
				INFOPLIST_FILE = SanaMediaTests/Info.plist;
				LD_RUNPATH_SEARCH_PATHS = "$(inherited) @executable_path/Frameworks @loader_path/Frameworks";
				PRODUCT_BUNDLE_IDENTIFIER = CruxTechLtd.SanaMediaTests;
				PRODUCT_NAME = "$(TARGET_NAME)";
				SWIFT_SWIFT3_OBJC_INFERENCE = On;
				SWIFT_VERSION = 4.0;
				TEST_HOST = "$(BUILT_PRODUCTS_DIR)/SanaMedia.app/SanaMedia";
			};
			name = Debug;
		};
		2FF1B80E1ECAE0B300CB176D /* Release */ = {
			isa = XCBuildConfiguration;
			baseConfigurationReference = 7D7F40CB7DAE336E7C349A87 /* Pods-SanaMediaTests.release.xcconfig */;
			buildSettings = {
				ALWAYS_EMBED_SWIFT_STANDARD_LIBRARIES = YES;
				BUNDLE_LOADER = "$(TEST_HOST)";
				DEVELOPMENT_TEAM = BJ9VCS422A;
				INFOPLIST_FILE = SanaMediaTests/Info.plist;
				LD_RUNPATH_SEARCH_PATHS = "$(inherited) @executable_path/Frameworks @loader_path/Frameworks";
				PRODUCT_BUNDLE_IDENTIFIER = CruxTechLtd.SanaMediaTests;
				PRODUCT_NAME = "$(TARGET_NAME)";
				SWIFT_SWIFT3_OBJC_INFERENCE = On;
				SWIFT_VERSION = 4.0;
				TEST_HOST = "$(BUILT_PRODUCTS_DIR)/SanaMedia.app/SanaMedia";
			};
			name = Release;
		};
		2FF1B8101ECAE0B300CB176D /* Debug */ = {
			isa = XCBuildConfiguration;
			baseConfigurationReference = 451A582D8E1893432720126B /* Pods-SanaMediaUITests.debug.xcconfig */;
			buildSettings = {
				ALWAYS_EMBED_SWIFT_STANDARD_LIBRARIES = YES;
				DEVELOPMENT_TEAM = BJ9VCS422A;
				INFOPLIST_FILE = SanaMediaUITests/Info.plist;
				LD_RUNPATH_SEARCH_PATHS = "$(inherited) @executable_path/Frameworks @loader_path/Frameworks";
				PRODUCT_BUNDLE_IDENTIFIER = CruxTechLtd.SanaMediaUITests;
				PRODUCT_NAME = "$(TARGET_NAME)";
				SWIFT_SWIFT3_OBJC_INFERENCE = On;
				SWIFT_VERSION = 4.0;
				TEST_TARGET_NAME = SanaMedia;
			};
			name = Debug;
		};
		2FF1B8111ECAE0B300CB176D /* Release */ = {
			isa = XCBuildConfiguration;
			baseConfigurationReference = 51A9D021C1C5D85B684D9608 /* Pods-SanaMediaUITests.release.xcconfig */;
			buildSettings = {
				ALWAYS_EMBED_SWIFT_STANDARD_LIBRARIES = YES;
				DEVELOPMENT_TEAM = BJ9VCS422A;
				INFOPLIST_FILE = SanaMediaUITests/Info.plist;
				LD_RUNPATH_SEARCH_PATHS = "$(inherited) @executable_path/Frameworks @loader_path/Frameworks";
				PRODUCT_BUNDLE_IDENTIFIER = CruxTechLtd.SanaMediaUITests;
				PRODUCT_NAME = "$(TARGET_NAME)";
				SWIFT_SWIFT3_OBJC_INFERENCE = On;
				SWIFT_VERSION = 4.0;
				TEST_TARGET_NAME = SanaMedia;
			};
			name = Release;
		};
/* End XCBuildConfiguration section */

/* Begin XCConfigurationList section */
		2FF1B7DC1ECAE0B300CB176D /* Build configuration list for PBXProject "SanaMedia" */ = {
			isa = XCConfigurationList;
			buildConfigurations = (
				2FF1B8071ECAE0B300CB176D /* Debug */,
				2FF1B8081ECAE0B300CB176D /* Release */,
			);
			defaultConfigurationIsVisible = 0;
			defaultConfigurationName = Release;
		};
		2FF1B8091ECAE0B300CB176D /* Build configuration list for PBXNativeTarget "SanaMedia" */ = {
			isa = XCConfigurationList;
			buildConfigurations = (
				2FF1B80A1ECAE0B300CB176D /* Debug */,
				2FF1B80B1ECAE0B300CB176D /* Release */,
			);
			defaultConfigurationIsVisible = 0;
			defaultConfigurationName = Release;
		};
		2FF1B80C1ECAE0B300CB176D /* Build configuration list for PBXNativeTarget "SanaMediaTests" */ = {
			isa = XCConfigurationList;
			buildConfigurations = (
				2FF1B80D1ECAE0B300CB176D /* Debug */,
				2FF1B80E1ECAE0B300CB176D /* Release */,
			);
			defaultConfigurationIsVisible = 0;
			defaultConfigurationName = Release;
		};
		2FF1B80F1ECAE0B300CB176D /* Build configuration list for PBXNativeTarget "SanaMediaUITests" */ = {
			isa = XCConfigurationList;
			buildConfigurations = (
				2FF1B8101ECAE0B300CB176D /* Debug */,
				2FF1B8111ECAE0B300CB176D /* Release */,
			);
			defaultConfigurationIsVisible = 0;
			defaultConfigurationName = Release;
		};
/* End XCConfigurationList section */
	};
	rootObject = 2FF1B7D91ECAE0B300CB176D /* Project object */;
}
