// !$*UTF8*$!
{
	archiveVersion = 1;
	classes = {
	};
	objectVersion = 46;
	objects = {

/* Begin PBXBuildFile section */
		2F1E82C21ECC395B00EA0FC6 /* Movie.swift in Sources */ = {isa = PBXBuildFile; fileRef = 2F1E82C11ECC395B00EA0FC6 /* Movie.swift */; };
		2F1E82C41ECC3DF600EA0FC6 /* Music.swift in Sources */ = {isa = PBXBuildFile; fileRef = 2F1E82C31ECC3DF600EA0FC6 /* Music.swift */; };
		2F1E82C81ECCD10C00EA0FC6 /* EBook.swift in Sources */ = {isa = PBXBuildFile; fileRef = 2F1E82C71ECCD10C00EA0FC6 /* EBook.swift */; };
		2F1E82CA1ECCD11A00EA0FC6 /* Image.swift in Sources */ = {isa = PBXBuildFile; fileRef = 2F1E82C91ECCD11A00EA0FC6 /* Image.swift */; };
		2F1E82CC1ECCD92500EA0FC6 /* Singleton.swift in Sources */ = {isa = PBXBuildFile; fileRef = 2F1E82CB1ECCD92500EA0FC6 /* Singleton.swift */; };
		2FF1B7E51ECAE0B300CB176D /* AppDelegate.swift in Sources */ = {isa = PBXBuildFile; fileRef = 2FF1B7E41ECAE0B300CB176D /* AppDelegate.swift */; };
		2FF1B7E71ECAE0B300CB176D /* TabBar.swift in Sources */ = {isa = PBXBuildFile; fileRef = 2FF1B7E61ECAE0B300CB176D /* TabBar.swift */; };
		2FF1B7EA1ECAE0B300CB176D /* Main.storyboard in Resources */ = {isa = PBXBuildFile; fileRef = 2FF1B7E81ECAE0B300CB176D /* Main.storyboard */; };
		2FF1B7EC1ECAE0B300CB176D /* Assets.xcassets in Resources */ = {isa = PBXBuildFile; fileRef = 2FF1B7EB1ECAE0B300CB176D /* Assets.xcassets */; };
		2FF1B7EF1ECAE0B300CB176D /* LaunchScreen.storyboard in Resources */ = {isa = PBXBuildFile; fileRef = 2FF1B7ED1ECAE0B300CB176D /* LaunchScreen.storyboard */; };
		2FF1B7FA1ECAE0B300CB176D /* SanaMediaTests.swift in Sources */ = {isa = PBXBuildFile; fileRef = 2FF1B7F91ECAE0B300CB176D /* SanaMediaTests.swift */; };
		2FF1B8051ECAE0B300CB176D /* SanaMediaUITests.swift in Sources */ = {isa = PBXBuildFile; fileRef = 2FF1B8041ECAE0B300CB176D /* SanaMediaUITests.swift */; };
		2FF1B8131ECAEDC700CB176D /* MainHomeViewController.swift in Sources */ = {isa = PBXBuildFile; fileRef = 2FF1B8121ECAEDC700CB176D /* MainHomeViewController.swift */; };
		2FF1B8151ECAEEE100CB176D /* NewsViewController.swift in Sources */ = {isa = PBXBuildFile; fileRef = 2FF1B8141ECAEEE100CB176D /* NewsViewController.swift */; };
		2FF1B8171ECAEEF100CB176D /* StreamViewController.swift in Sources */ = {isa = PBXBuildFile; fileRef = 2FF1B8161ECAEEF100CB176D /* StreamViewController.swift */; };
		2FF1B8191ECAEF0000CB176D /* CategoryViewController.swift in Sources */ = {isa = PBXBuildFile; fileRef = 2FF1B8181ECAEF0000CB176D /* CategoryViewController.swift */; };
		6835B032A493CAC93CC5DCCF /* Pods_SanaMedia.framework in Frameworks */ = {isa = PBXBuildFile; fileRef = ACD8A98300FC0A31E583BF1F /* Pods_SanaMedia.framework */; };
		6947F8DEFA8AE24CFD9DF577 /* Pods_SanaMediaTests.framework in Frameworks */ = {isa = PBXBuildFile; fileRef = EB79203A8266CB7D1100938D /* Pods_SanaMediaTests.framework */; };
		F626FAE54D306A049175AC2C /* Pods_SanaMediaUITests.framework in Frameworks */ = {isa = PBXBuildFile; fileRef = 17D6BC9B183B53348A193ECA /* Pods_SanaMediaUITests.framework */; };
/* End PBXBuildFile section */

/* Begin PBXContainerItemProxy section */
		2FF1B7F61ECAE0B300CB176D /* PBXContainerItemProxy */ = {
			isa = PBXContainerItemProxy;
			containerPortal = 2FF1B7D91ECAE0B300CB176D /* Project object */;
			proxyType = 1;
			remoteGlobalIDString = 2FF1B7E01ECAE0B300CB176D;
			remoteInfo = SanaMedia;
		};
		2FF1B8011ECAE0B300CB176D /* PBXContainerItemProxy */ = {
			isa = PBXContainerItemProxy;
			containerPortal = 2FF1B7D91ECAE0B300CB176D /* Project object */;
			proxyType = 1;
			remoteGlobalIDString = 2FF1B7E01ECAE0B300CB176D;
			remoteInfo = SanaMedia;
		};
/* End PBXContainerItemProxy section */

/* Begin PBXFileReference section */
		17D6BC9B183B53348A193ECA /* Pods_SanaMediaUITests.framework */ = {isa = PBXFileReference; explicitFileType = wrapper.framework; includeInIndex = 0; path = Pods_SanaMediaUITests.framework; sourceTree = BUILT_PRODUCTS_DIR; };
		2F1E82C11ECC395B00EA0FC6 /* Movie.swift */ = {isa = PBXFileReference; fileEncoding = 4; lastKnownFileType = sourcecode.swift; path = Movie.swift; sourceTree = "<group>"; };
		2F1E82C31ECC3DF600EA0FC6 /* Music.swift */ = {isa = PBXFileReference; fileEncoding = 4; lastKnownFileType = sourcecode.swift; path = Music.swift; sourceTree = "<group>"; };
		2F1E82C71ECCD10C00EA0FC6 /* EBook.swift */ = {isa = PBXFileReference; fileEncoding = 4; lastKnownFileType = sourcecode.swift; path = EBook.swift; sourceTree = "<group>"; };
		2F1E82C91ECCD11A00EA0FC6 /* Image.swift */ = {isa = PBXFileReference; fileEncoding = 4; lastKnownFileType = sourcecode.swift; path = Image.swift; sourceTree = "<group>"; };
		2F1E82CB1ECCD92500EA0FC6 /* Singleton.swift */ = {isa = PBXFileReference; fileEncoding = 4; lastKnownFileType = sourcecode.swift; path = Singleton.swift; sourceTree = "<group>"; };
		2FF1B7E11ECAE0B300CB176D /* SanaMedia.app */ = {isa = PBXFileReference; explicitFileType = wrapper.application; includeInIndex = 0; path = SanaMedia.app; sourceTree = BUILT_PRODUCTS_DIR; };
		2FF1B7E41ECAE0B300CB176D /* AppDelegate.swift */ = {isa = PBXFileReference; lastKnownFileType = sourcecode.swift; path = AppDelegate.swift; sourceTree = "<group>"; };
		2FF1B7E61ECAE0B300CB176D /* TabBar.swift */ = {isa = PBXFileReference; lastKnownFileType = sourcecode.swift; path = TabBar.swift; sourceTree = "<group>"; };
		2FF1B7E91ECAE0B300CB176D /* Base */ = {isa = PBXFileReference; lastKnownFileType = file.storyboard; name = Base; path = Base.lproj/Main.storyboard; sourceTree = "<group>"; };
		2FF1B7EB1ECAE0B300CB176D /* Assets.xcassets */ = {isa = PBXFileReference; lastKnownFileType = folder.assetcatalog; path = Assets.xcassets; sourceTree = "<group>"; };
		2FF1B7EE1ECAE0B300CB176D /* Base */ = {isa = PBXFileReference; lastKnownFileType = file.storyboard; name = Base; path = Base.lproj/LaunchScreen.storyboard; sourceTree = "<group>"; };
		2FF1B7F01ECAE0B300CB176D /* Info.plist */ = {isa = PBXFileReference; lastKnownFileType = text.plist.xml; path = Info.plist; sourceTree = "<group>"; };
		2FF1B7F51ECAE0B300CB176D /* SanaMediaTests.xctest */ = {isa = PBXFileReference; explicitFileType = wrapper.cfbundle; includeInIndex = 0; path = SanaMediaTests.xctest; sourceTree = BUILT_PRODUCTS_DIR; };
		2FF1B7F91ECAE0B300CB176D /* SanaMediaTests.swift */ = {isa = PBXFileReference; lastKnownFileType = sourcecode.swift; path = SanaMediaTests.swift; sourceTree = "<group>"; };
		2FF1B7FB1ECAE0B300CB176D /* Info.plist */ = {isa = PBXFileReference; lastKnownFileType = text.plist.xml; path = Info.plist; sourceTree = "<group>"; };
		2FF1B8001ECAE0B300CB176D /* SanaMediaUITests.xctest */ = {isa = PBXFileReference; explicitFileType = wrapper.cfbundle; includeInIndex = 0; path = SanaMediaUITests.xctest; sourceTree = BUILT_PRODUCTS_DIR; };
		2FF1B8041ECAE0B300CB176D /* SanaMediaUITests.swift */ = {isa = PBXFileReference; lastKnownFileType = sourcecode.swift; path = SanaMediaUITests.swift; sourceTree = "<group>"; };
		2FF1B8061ECAE0B300CB176D /* Info.plist */ = {isa = PBXFileReference; lastKnownFileType = text.plist.xml; path = Info.plist; sourceTree = "<group>"; };
		2FF1B8121ECAEDC700CB176D /* MainHomeViewController.swift */ = {isa = PBXFileReference; fileEncoding = 4; lastKnownFileType = sourcecode.swift; path = MainHomeViewController.swift; sourceTree = "<group>"; };
		2FF1B8141ECAEEE100CB176D /* NewsViewController.swift */ = {isa = PBXFileReference; fileEncoding = 4; lastKnownFileType = sourcecode.swift; path = NewsViewController.swift; sourceTree = "<group>"; };
		2FF1B8161ECAEEF100CB176D /* StreamViewController.swift */ = {isa = PBXFileReference; fileEncoding = 4; lastKnownFileType = sourcecode.swift; path = StreamViewController.swift; sourceTree = "<group>"; };
		2FF1B8181ECAEF0000CB176D /* CategoryViewController.swift */ = {isa = PBXFileReference; fileEncoding = 4; lastKnownFileType = sourcecode.swift; path = CategoryViewController.swift; sourceTree = "<group>"; };
		41797D18BFE0165A4176FCE9 /* Pods-SanaMediaTests.debug.xcconfig */ = {isa = PBXFileReference; includeInIndex = 1; lastKnownFileType = text.xcconfig; name = "Pods-SanaMediaTests.debug.xcconfig"; path = "Pods/Target Support Files/Pods-SanaMediaTests/Pods-SanaMediaTests.debug.xcconfig"; sourceTree = "<group>"; };
		451A582D8E1893432720126B /* Pods-SanaMediaUITests.debug.xcconfig */ = {isa = PBXFileReference; includeInIndex = 1; lastKnownFileType = text.xcconfig; name = "Pods-SanaMediaUITests.debug.xcconfig"; path = "Pods/Target Support Files/Pods-SanaMediaUITests/Pods-SanaMediaUITests.debug.xcconfig"; sourceTree = "<group>"; };
		51A9D021C1C5D85B684D9608 /* Pods-SanaMediaUITests.release.xcconfig */ = {isa = PBXFileReference; includeInIndex = 1; lastKnownFileType = text.xcconfig; name = "Pods-SanaMediaUITests.release.xcconfig"; path = "Pods/Target Support Files/Pods-SanaMediaUITests/Pods-SanaMediaUITests.release.xcconfig"; sourceTree = "<group>"; };
		7D7F40CB7DAE336E7C349A87 /* Pods-SanaMediaTests.release.xcconfig */ = {isa = PBXFileReference; includeInIndex = 1; lastKnownFileType = text.xcconfig; name = "Pods-SanaMediaTests.release.xcconfig"; path = "Pods/Target Support Files/Pods-SanaMediaTests/Pods-SanaMediaTests.release.xcconfig"; sourceTree = "<group>"; };
		864E08A48A247574913FFCA8 /* Pods-SanaMedia.debug.xcconfig */ = {isa = PBXFileReference; includeInIndex = 1; lastKnownFileType = text.xcconfig; name = "Pods-SanaMedia.debug.xcconfig"; path = "Pods/Target Support Files/Pods-SanaMedia/Pods-SanaMedia.debug.xcconfig"; sourceTree = "<group>"; };
		915F34F4FF9B2A8DC381B001 /* Pods-SanaMedia.release.xcconfig */ = {isa = PBXFileReference; includeInIndex = 1; lastKnownFileType = text.xcconfig; name = "Pods-SanaMedia.release.xcconfig"; path = "Pods/Target Support Files/Pods-SanaMedia/Pods-SanaMedia.release.xcconfig"; sourceTree = "<group>"; };
		ACD8A98300FC0A31E583BF1F /* Pods_SanaMedia.framework */ = {isa = PBXFileReference; explicitFileType = wrapper.framework; includeInIndex = 0; path = Pods_SanaMedia.framework; sourceTree = BUILT_PRODUCTS_DIR; };
		EB79203A8266CB7D1100938D /* Pods_SanaMediaTests.framework */ = {isa = PBXFileReference; explicitFileType = wrapper.framework; includeInIndex = 0; path = Pods_SanaMediaTests.framework; sourceTree = BUILT_PRODUCTS_DIR; };
/* End PBXFileReference section */

/* Begin PBXFrameworksBuildPhase section */
		2FF1B7DE1ECAE0B300CB176D /* Frameworks */ = {
			isa = PBXFrameworksBuildPhase;
			buildActionMask = 2147483647;
			files = (
				6835B032A493CAC93CC5DCCF /* Pods_SanaMedia.framework in Frameworks */,
			);
			runOnlyForDeploymentPostprocessing = 0;
		};
		2FF1B7F21ECAE0B300CB176D /* Frameworks */ = {
			isa = PBXFrameworksBuildPhase;
			buildActionMask = 2147483647;
			files = (
				6947F8DEFA8AE24CFD9DF577 /* Pods_SanaMediaTests.framework in Frameworks */,
			);
			runOnlyForDeploymentPostprocessing = 0;
		};
		2FF1B7FD1ECAE0B300CB176D /* Frameworks */ = {
			isa = PBXFrameworksBuildPhase;
			buildActionMask = 2147483647;
			files = (
				F626FAE54D306A049175AC2C /* Pods_SanaMediaUITests.framework in Frameworks */,
			);
			runOnlyForDeploymentPostprocessing = 0;
		};
/* End PBXFrameworksBuildPhase section */

/* Begin PBXGroup section */
		2F1E82B91ECC37F600EA0FC6 /* Tabs */ = {
			isa = PBXGroup;
			children = (
				2F1E82BF1ECC38B500EA0FC6 /* Category */,
				2F1E82BE1ECC38B000EA0FC6 /* Stream */,
				2F1E82BD1ECC38AB00EA0FC6 /* News */,
				2F1E82BC1ECC38A500EA0FC6 /* Main */,
			);
			name = Tabs;
			sourceTree = "<group>";
		};
		2F1E82BA1ECC380B00EA0FC6 /* Main */ = {
			isa = PBXGroup;
			children = (
				2F1E82BB1ECC383F00EA0FC6 /* StoryBoards */,
				2FF1B7E41ECAE0B300CB176D /* AppDelegate.swift */,
				2FF1B7E61ECAE0B300CB176D /* TabBar.swift */,
				2F1E82CB1ECCD92500EA0FC6 /* Singleton.swift */,
			);
			name = Main;
			sourceTree = "<group>";
		};
		2F1E82BB1ECC383F00EA0FC6 /* StoryBoards */ = {
			isa = PBXGroup;
			children = (
				2FF1B7E81ECAE0B300CB176D /* Main.storyboard */,
				2FF1B7ED1ECAE0B300CB176D /* LaunchScreen.storyboard */,
			);
			name = StoryBoards;
			sourceTree = "<group>";
		};
		2F1E82BC1ECC38A500EA0FC6 /* Main */ = {
			isa = PBXGroup;
			children = (
				2FF1B8121ECAEDC700CB176D /* MainHomeViewController.swift */,
			);
			name = Main;
			sourceTree = "<group>";
		};
		2F1E82BD1ECC38AB00EA0FC6 /* News */ = {
			isa = PBXGroup;
			children = (
				2FF1B8141ECAEEE100CB176D /* NewsViewController.swift */,
			);
			name = News;
			sourceTree = "<group>";
		};
		2F1E82BE1ECC38B000EA0FC6 /* Stream */ = {
			isa = PBXGroup;
			children = (
				2FF1B8161ECAEEF100CB176D /* StreamViewController.swift */,
			);
			name = Stream;
			sourceTree = "<group>";
		};
		2F1E82BF1ECC38B500EA0FC6 /* Category */ = {
			isa = PBXGroup;
			children = (
				2FF1B8181ECAEF0000CB176D /* CategoryViewController.swift */,
			);
			name = Category;
			sourceTree = "<group>";
		};
		2F1E82C01ECC38CF00EA0FC6 /* Models */ = {
			isa = PBXGroup;
			children = (
				2F1E82C11ECC395B00EA0FC6 /* Movie.swift */,
				2F1E82C31ECC3DF600EA0FC6 /* Music.swift */,
				2F1E82C71ECCD10C00EA0FC6 /* EBook.swift */,
				2F1E82C91ECCD11A00EA0FC6 /* Image.swift */,
			);
			name = Models;
			sourceTree = "<group>";
		};
		2F1E82CE1ECCE05700EA0FC6 /* Assest */ = {
			isa = PBXGroup;
			children = (
				2FF1B7EB1ECAE0B300CB176D /* Assets.xcassets */,
				2FF1B7F01ECAE0B300CB176D /* Info.plist */,
			);
			name = Assest;
			sourceTree = "<group>";
		};
		2FF1B7D81ECAE0B300CB176D = {
			isa = PBXGroup;
			children = (
				2FF1B7E31ECAE0B300CB176D /* SanaMedia */,
				2FF1B7F81ECAE0B300CB176D /* SanaMediaTests */,
				2FF1B8031ECAE0B300CB176D /* SanaMediaUITests */,
				2FF1B7E21ECAE0B300CB176D /* Products */,
				AB9312990F6FB024002971D2 /* Pods */,
				34CEA78F49D0D29AAFD8AA9D /* Frameworks */,
			);
			sourceTree = "<group>";
		};
		2FF1B7E21ECAE0B300CB176D /* Products */ = {
			isa = PBXGroup;
			children = (
				2FF1B7E11ECAE0B300CB176D /* SanaMedia.app */,
				2FF1B7F51ECAE0B300CB176D /* SanaMediaTests.xctest */,
				2FF1B8001ECAE0B300CB176D /* SanaMediaUITests.xctest */,
			);
			name = Products;
			sourceTree = "<group>";
		};
		2FF1B7E31ECAE0B300CB176D /* SanaMedia */ = {
			isa = PBXGroup;
			children = (
				2F1E82C01ECC38CF00EA0FC6 /* Models */,
				2F1E82B91ECC37F600EA0FC6 /* Tabs */,
				2F1E82BA1ECC380B00EA0FC6 /* Main */,
				2F1E82CE1ECCE05700EA0FC6 /* Assest */,
			);
			path = SanaMedia;
			sourceTree = "<group>";
		};
		2FF1B7F81ECAE0B300CB176D /* SanaMediaTests */ = {
			isa = PBXGroup;
			children = (
				2FF1B7F91ECAE0B300CB176D /* SanaMediaTests.swift */,
				2FF1B7FB1ECAE0B300CB176D /* Info.plist */,
			);
			path = SanaMediaTests;
			sourceTree = "<group>";
		};
		2FF1B8031ECAE0B300CB176D /* SanaMediaUITests */ = {
			isa = PBXGroup;
			children = (
				2FF1B8041ECAE0B300CB176D /* SanaMediaUITests.swift */,
				2FF1B8061ECAE0B300CB176D /* Info.plist */,
			);
			path = SanaMediaUITests;
			sourceTree = "<group>";
		};
		34CEA78F49D0D29AAFD8AA9D /* Frameworks */ = {
			isa = PBXGroup;
			children = (
				ACD8A98300FC0A31E583BF1F /* Pods_SanaMedia.framework */,
				EB79203A8266CB7D1100938D /* Pods_SanaMediaTests.framework */,
				17D6BC9B183B53348A193ECA /* Pods_SanaMediaUITests.framework */,
			);
			name = Frameworks;
			sourceTree = "<group>";
		};
		AB9312990F6FB024002971D2 /* Pods */ = {
			isa = PBXGroup;
			children = (
				864E08A48A247574913FFCA8 /* Pods-SanaMedia.debug.xcconfig */,
				915F34F4FF9B2A8DC381B001 /* Pods-SanaMedia.release.xcconfig */,
				41797D18BFE0165A4176FCE9 /* Pods-SanaMediaTests.debug.xcconfig */,
				7D7F40CB7DAE336E7C349A87 /* Pods-SanaMediaTests.release.xcconfig */,
				451A582D8E1893432720126B /* Pods-SanaMediaUITests.debug.xcconfig */,
				51A9D021C1C5D85B684D9608 /* Pods-SanaMediaUITests.release.xcconfig */,
			);
			name = Pods;
			sourceTree = "<group>";
		};
/* End PBXGroup section */

/* Begin PBXNativeTarget section */
		2FF1B7E01ECAE0B300CB176D /* SanaMedia */ = {
			isa = PBXNativeTarget;
			buildConfigurationList = 2FF1B8091ECAE0B300CB176D /* Build configuration list for PBXNativeTarget "SanaMedia" */;
			buildPhases = (
				8BC17AE0367EF33BE1E2C34E /* [CP] Check Pods Manifest.lock */,
				2FF1B7DD1ECAE0B300CB176D /* Sources */,
				2FF1B7DE1ECAE0B300CB176D /* Frameworks */,
				2FF1B7DF1ECAE0B300CB176D /* Resources */,
				19097474EEAB6FE59B0F646F /* [CP] Embed Pods Frameworks */,
				100C6077986701ADC67B9A8B /* [CP] Copy Pods Resources */,
			);
			buildRules = (
			);
			dependencies = (
			);
			name = SanaMedia;
			productName = SanaMedia;
			productReference = 2FF1B7E11ECAE0B300CB176D /* SanaMedia.app */;
			productType = "com.apple.product-type.application";
		};
		2FF1B7F41ECAE0B300CB176D /* SanaMediaTests */ = {
			isa = PBXNativeTarget;
			buildConfigurationList = 2FF1B80C1ECAE0B300CB176D /* Build configuration list for PBXNativeTarget "SanaMediaTests" */;
			buildPhases = (
				2871E226A9F45B7E8E392B6A /* [CP] Check Pods Manifest.lock */,
				2FF1B7F11ECAE0B300CB176D /* Sources */,
				2FF1B7F21ECAE0B300CB176D /* Frameworks */,
				2FF1B7F31ECAE0B300CB176D /* Resources */,
				368F18BCD6787AC1D285DA3C /* [CP] Embed Pods Frameworks */,
				F5EF07A72A9DE92CC4339527 /* [CP] Copy Pods Resources */,
			);
			buildRules = (
			);
			dependencies = (
				2FF1B7F71ECAE0B300CB176D /* PBXTargetDependency */,
			);
			name = SanaMediaTests;
			productName = SanaMediaTests;
			productReference = 2FF1B7F51ECAE0B300CB176D /* SanaMediaTests.xctest */;
			productType = "com.apple.product-type.bundle.unit-test";
		};
		2FF1B7FF1ECAE0B300CB176D /* SanaMediaUITests */ = {
			isa = PBXNativeTarget;
			buildConfigurationList = 2FF1B80F1ECAE0B300CB176D /* Build configuration list for PBXNativeTarget "SanaMediaUITests" */;
			buildPhases = (
				23D14CB618B81E36BB06E196 /* [CP] Check Pods Manifest.lock */,
				2FF1B7FC1ECAE0B300CB176D /* Sources */,
				2FF1B7FD1ECAE0B300CB176D /* Frameworks */,
				2FF1B7FE1ECAE0B300CB176D /* Resources */,
				25635D78056AF7FDEFC3F366 /* [CP] Embed Pods Frameworks */,
				3BD2584FD6A373E59AC68C43 /* [CP] Copy Pods Resources */,
			);
			buildRules = (
			);
			dependencies = (
				2FF1B8021ECAE0B300CB176D /* PBXTargetDependency */,
			);
			name = SanaMediaUITests;
			productName = SanaMediaUITests;
			productReference = 2FF1B8001ECAE0B300CB176D /* SanaMediaUITests.xctest */;
			productType = "com.apple.product-type.bundle.ui-testing";
		};
/* End PBXNativeTarget section */

/* Begin PBXProject section */
		2FF1B7D91ECAE0B300CB176D /* Project object */ = {
			isa = PBXProject;
			attributes = {
				LastSwiftUpdateCheck = 0830;
				LastUpgradeCheck = 0830;
				ORGANIZATIONNAME = "Crux Tech Ltd";
				TargetAttributes = {
					2FF1B7E01ECAE0B300CB176D = {
						CreatedOnToolsVersion = 8.3.2;
						DevelopmentTeam = BJ9VCS422A;
						ProvisioningStyle = Automatic;
					};
					2FF1B7F41ECAE0B300CB176D = {
						CreatedOnToolsVersion = 8.3.2;
						DevelopmentTeam = BJ9VCS422A;
						ProvisioningStyle = Automatic;
						TestTargetID = 2FF1B7E01ECAE0B300CB176D;
					};
					2FF1B7FF1ECAE0B300CB176D = {
						CreatedOnToolsVersion = 8.3.2;
						DevelopmentTeam = BJ9VCS422A;
						ProvisioningStyle = Automatic;
						TestTargetID = 2FF1B7E01ECAE0B300CB176D;
					};
				};
			};
			buildConfigurationList = 2FF1B7DC1ECAE0B300CB176D /* Build configuration list for PBXProject "SanaMedia" */;
			compatibilityVersion = "Xcode 3.2";
			developmentRegion = English;
			hasScannedForEncodings = 0;
			knownRegions = (
				en,
				Base,
			);
			mainGroup = 2FF1B7D81ECAE0B300CB176D;
			productRefGroup = 2FF1B7E21ECAE0B300CB176D /* Products */;
			projectDirPath = "";
			projectRoot = "";
			targets = (
				2FF1B7E01ECAE0B300CB176D /* SanaMedia */,
				2FF1B7F41ECAE0B300CB176D /* SanaMediaTests */,
				2FF1B7FF1ECAE0B300CB176D /* SanaMediaUITests */,
			);
		};
/* End PBXProject section */

/* Begin PBXResourcesBuildPhase section */
		2FF1B7DF1ECAE0B300CB176D /* Resources */ = {
			isa = PBXResourcesBuildPhase;
			buildActionMask = 2147483647;
			files = (
				2FF1B7EF1ECAE0B300CB176D /* LaunchScreen.storyboard in Resources */,
				2FF1B7EC1ECAE0B300CB176D /* Assets.xcassets in Resources */,
				2FF1B7EA1ECAE0B300CB176D /* Main.storyboard in Resources */,
			);
			runOnlyForDeploymentPostprocessing = 0;
		};
		2FF1B7F31ECAE0B300CB176D /* Resources */ = {
			isa = PBXResourcesBuildPhase;
			buildActionMask = 2147483647;
			files = (
			);
			runOnlyForDeploymentPostprocessing = 0;
		};
		2FF1B7FE1ECAE0B300CB176D /* Resources */ = {
			isa = PBXResourcesBuildPhase;
			buildActionMask = 2147483647;
			files = (
			);
			runOnlyForDeploymentPostprocessing = 0;
		};
/* End PBXResourcesBuildPhase section */

/* Begin PBXShellScriptBuildPhase section */
		100C6077986701ADC67B9A8B /* [CP] Copy Pods Resources */ = {
			isa = PBXShellScriptBuildPhase;
			buildActionMask = 2147483647;
			files = (
			);
			inputPaths = (
			);
			name = "[CP] Copy Pods Resources";
			outputPaths = (
			);
			runOnlyForDeploymentPostprocessing = 0;
			shellPath = /bin/sh;
			shellScript = "\"${SRCROOT}/Pods/Target Support Files/Pods-SanaMedia/Pods-SanaMedia-resources.sh\"\n";
			showEnvVarsInLog = 0;
		};
		19097474EEAB6FE59B0F646F /* [CP] Embed Pods Frameworks */ = {
			isa = PBXShellScriptBuildPhase;
			buildActionMask = 2147483647;
			files = (
			);
			inputPaths = (
			);
			name = "[CP] Embed Pods Frameworks";
			outputPaths = (
			);
			runOnlyForDeploymentPostprocessing = 0;
			shellPath = /bin/sh;
			shellScript = "\"${SRCROOT}/Pods/Target Support Files/Pods-SanaMedia/Pods-SanaMedia-frameworks.sh\"\n";
			showEnvVarsInLog = 0;
		};
		23D14CB618B81E36BB06E196 /* [CP] Check Pods Manifest.lock */ = {
			isa = PBXShellScriptBuildPhase;
			buildActionMask = 2147483647;
			files = (
			);
			inputPaths = (
			);
			name = "[CP] Check Pods Manifest.lock";
			outputPaths = (
			);
			runOnlyForDeploymentPostprocessing = 0;
			shellPath = /bin/sh;
			shellScript = "diff \"${PODS_PODFILE_DIR_PATH}/Podfile.lock\" \"${PODS_ROOT}/Manifest.lock\" > /dev/null\nif [ $? != 0 ] ; then\n    # print error to STDERR\n    echo \"error: The sandbox is not in sync with the Podfile.lock. Run 'pod install' or update your CocoaPods installation.\" >&2\n    exit 1\nfi\n";
			showEnvVarsInLog = 0;
		};
		25635D78056AF7FDEFC3F366 /* [CP] Embed Pods Frameworks */ = {
			isa = PBXShellScriptBuildPhase;
			buildActionMask = 2147483647;
			files = (
			);
			inputPaths = (
			);
			name = "[CP] Embed Pods Frameworks";
			outputPaths = (
			);
			runOnlyForDeploymentPostprocessing = 0;
			shellPath = /bin/sh;
			shellScript = "\"${SRCROOT}/Pods/Target Support Files/Pods-SanaMediaUITests/Pods-SanaMediaUITests-frameworks.sh\"\n";
			showEnvVarsInLog = 0;
		};
		2871E226A9F45B7E8E392B6A /* [CP] Check Pods Manifest.lock */ = {
			isa = PBXShellScriptBuildPhase;
			buildActionMask = 2147483647;
			files = (
			);
			inputPaths = (
			);
			name = "[CP] Check Pods Manifest.lock";
			outputPaths = (
			);
			runOnlyForDeploymentPostprocessing = 0;
			shellPath = /bin/sh;
			shellScript = "diff \"${PODS_PODFILE_DIR_PATH}/Podfile.lock\" \"${PODS_ROOT}/Manifest.lock\" > /dev/null\nif [ $? != 0 ] ; then\n    # print error to STDERR\n    echo \"error: The sandbox is not in sync with the Podfile.lock. Run 'pod install' or update your CocoaPods installation.\" >&2\n    exit 1\nfi\n";
			showEnvVarsInLog = 0;
		};
		368F18BCD6787AC1D285DA3C /* [CP] Embed Pods Frameworks */ = {
			isa = PBXShellScriptBuildPhase;
			buildActionMask = 2147483647;
			files = (
			);
			inputPaths = (
			);
			name = "[CP] Embed Pods Frameworks";
			outputPaths = (
			);
			runOnlyForDeploymentPostprocessing = 0;
			shellPath = /bin/sh;
			shellScript = "\"${SRCROOT}/Pods/Target Support Files/Pods-SanaMediaTests/Pods-SanaMediaTests-frameworks.sh\"\n";
			showEnvVarsInLog = 0;
		};
		3BD2584FD6A373E59AC68C43 /* [CP] Copy Pods Resources */ = {
			isa = PBXShellScriptBuildPhase;
			buildActionMask = 2147483647;
			files = (
			);
			inputPaths = (
			);
			name = "[CP] Copy Pods Resources";
			outputPaths = (
			);
			runOnlyForDeploymentPostprocessing = 0;
			shellPath = /bin/sh;
			shellScript = "\"${SRCROOT}/Pods/Target Support Files/Pods-SanaMediaUITests/Pods-SanaMediaUITests-resources.sh\"\n";
			showEnvVarsInLog = 0;
		};
		8BC17AE0367EF33BE1E2C34E /* [CP] Check Pods Manifest.lock */ = {
			isa = PBXShellScriptBuildPhase;
			buildActionMask = 2147483647;
			files = (
			);
			inputPaths = (
			);
			name = "[CP] Check Pods Manifest.lock";
			outputPaths = (
			);
			runOnlyForDeploymentPostprocessing = 0;
			shellPath = /bin/sh;
			shellScript = "diff \"${PODS_PODFILE_DIR_PATH}/Podfile.lock\" \"${PODS_ROOT}/Manifest.lock\" > /dev/null\nif [ $? != 0 ] ; then\n    # print error to STDERR\n    echo \"error: The sandbox is not in sync with the Podfile.lock. Run 'pod install' or update your CocoaPods installation.\" >&2\n    exit 1\nfi\n";
			showEnvVarsInLog = 0;
		};
		F5EF07A72A9DE92CC4339527 /* [CP] Copy Pods Resources */ = {
			isa = PBXShellScriptBuildPhase;
			buildActionMask = 2147483647;
			files = (
			);
			inputPaths = (
			);
			name = "[CP] Copy Pods Resources";
			outputPaths = (
			);
			runOnlyForDeploymentPostprocessing = 0;
			shellPath = /bin/sh;
			shellScript = "\"${SRCROOT}/Pods/Target Support Files/Pods-SanaMediaTests/Pods-SanaMediaTests-resources.sh\"\n";
			showEnvVarsInLog = 0;
		};
/* End PBXShellScriptBuildPhase section */

/* Begin PBXSourcesBuildPhase section */
		2FF1B7DD1ECAE0B300CB176D /* Sources */ = {
			isa = PBXSourcesBuildPhase;
			buildActionMask = 2147483647;
			files = (
				2F1E82C21ECC395B00EA0FC6 /* Movie.swift in Sources */,
				2FF1B8171ECAEEF100CB176D /* StreamViewController.swift in Sources */,
				2FF1B7E71ECAE0B300CB176D /* TabBar.swift in Sources */,
				2FF1B8131ECAEDC700CB176D /* MainHomeViewController.swift in Sources */,
				2FF1B7E51ECAE0B300CB176D /* AppDelegate.swift in Sources */,
				2FF1B8191ECAEF0000CB176D /* CategoryViewController.swift in Sources */,
				2F1E82CC1ECCD92500EA0FC6 /* Singleton.swift in Sources */,
				2FF1B8151ECAEEE100CB176D /* NewsViewController.swift in Sources */,
				2F1E82C41ECC3DF600EA0FC6 /* Music.swift in Sources */,
				2F1E82C81ECCD10C00EA0FC6 /* EBook.swift in Sources */,
				2F1E82CA1ECCD11A00EA0FC6 /* Image.swift in Sources */,
			);
			runOnlyForDeploymentPostprocessing = 0;
		};
		2FF1B7F11ECAE0B300CB176D /* Sources */ = {
			isa = PBXSourcesBuildPhase;
			buildActionMask = 2147483647;
			files = (
				2FF1B7FA1ECAE0B300CB176D /* SanaMediaTests.swift in Sources */,
			);
			runOnlyForDeploymentPostprocessing = 0;
		};
		2FF1B7FC1ECAE0B300CB176D /* Sources */ = {
			isa = PBXSourcesBuildPhase;
			buildActionMask = 2147483647;
			files = (
				2FF1B8051ECAE0B300CB176D /* SanaMediaUITests.swift in Sources */,
			);
			runOnlyForDeploymentPostprocessing = 0;
		};
/* End PBXSourcesBuildPhase section */

/* Begin PBXTargetDependency section */
		2FF1B7F71ECAE0B300CB176D /* PBXTargetDependency */ = {
			isa = PBXTargetDependency;
			target = 2FF1B7E01ECAE0B300CB176D /* SanaMedia */;
			targetProxy = 2FF1B7F61ECAE0B300CB176D /* PBXContainerItemProxy */;
		};
		2FF1B8021ECAE0B300CB176D /* PBXTargetDependency */ = {
			isa = PBXTargetDependency;
			target = 2FF1B7E01ECAE0B300CB176D /* SanaMedia */;
			targetProxy = 2FF1B8011ECAE0B300CB176D /* PBXContainerItemProxy */;
		};
/* End PBXTargetDependency section */

/* Begin PBXVariantGroup section */
		2FF1B7E81ECAE0B300CB176D /* Main.storyboard */ = {
			isa = PBXVariantGroup;
			children = (
				2FF1B7E91ECAE0B300CB176D /* Base */,
			);
			name = Main.storyboard;
			sourceTree = "<group>";
		};
		2FF1B7ED1ECAE0B300CB176D /* LaunchScreen.storyboard */ = {
			isa = PBXVariantGroup;
			children = (
				2FF1B7EE1ECAE0B300CB176D /* Base */,
			);
			name = LaunchScreen.storyboard;
			sourceTree = "<group>";
		};
/* End PBXVariantGroup section */

/* Begin XCBuildConfiguration section */
		2FF1B8071ECAE0B300CB176D /* Debug */ = {
			isa = XCBuildConfiguration;
			buildSettings = {
				ALWAYS_SEARCH_USER_PATHS = NO;
				CLANG_ANALYZER_NONNULL = YES;
				CLANG_ANALYZER_NUMBER_OBJECT_CONVERSION = YES_AGGRESSIVE;
				CLANG_CXX_LANGUAGE_STANDARD = "gnu++0x";
				CLANG_CXX_LIBRARY = "libc++";
				CLANG_ENABLE_MODULES = YES;
				CLANG_ENABLE_OBJC_ARC = YES;
				CLANG_WARN_BOOL_CONVERSION = YES;
				CLANG_WARN_CONSTANT_CONVERSION = YES;
				CLANG_WARN_DIRECT_OBJC_ISA_USAGE = YES_ERROR;
				CLANG_WARN_DOCUMENTATION_COMMENTS = YES;
				CLANG_WARN_EMPTY_BODY = YES;
				CLANG_WARN_ENUM_CONVERSION = YES;
				CLANG_WARN_INFINITE_RECURSION = YES;
				CLANG_WARN_INT_CONVERSION = YES;
				CLANG_WARN_OBJC_ROOT_CLASS = YES_ERROR;
				CLANG_WARN_SUSPICIOUS_MOVE = YES;
				CLANG_WARN_UNREACHABLE_CODE = YES;
				CLANG_WARN__DUPLICATE_METHOD_MATCH = YES;
				"CODE_SIGN_IDENTITY[sdk=iphoneos*]" = "iPhone Developer";
				COPY_PHASE_STRIP = NO;
				DEBUG_INFORMATION_FORMAT = dwarf;
				ENABLE_STRICT_OBJC_MSGSEND = YES;
				ENABLE_TESTABILITY = YES;
				GCC_C_LANGUAGE_STANDARD = gnu99;
				GCC_DYNAMIC_NO_PIC = NO;
				GCC_NO_COMMON_BLOCKS = YES;
				GCC_OPTIMIZATION_LEVEL = 0;
				GCC_PREPROCESSOR_DEFINITIONS = (
					"DEBUG=1",
					"$(inherited)",
				);
				GCC_WARN_64_TO_32_BIT_CONVERSION = YES;
				GCC_WARN_ABOUT_RETURN_TYPE = YES_ERROR;
				GCC_WARN_UNDECLARED_SELECTOR = YES;
				GCC_WARN_UNINITIALIZED_AUTOS = YES_AGGRESSIVE;
				GCC_WARN_UNUSED_FUNCTION = YES;
				GCC_WARN_UNUSED_VARIABLE = YES;
				IPHONEOS_DEPLOYMENT_TARGET = 10.3;
				MTL_ENABLE_DEBUG_INFO = YES;
				ONLY_ACTIVE_ARCH = YES;
				SDKROOT = iphoneos;
				SWIFT_ACTIVE_COMPILATION_CONDITIONS = DEBUG;
				SWIFT_OPTIMIZATION_LEVEL = "-Onone";
			};
			name = Debug;
		};
		2FF1B8081ECAE0B300CB176D /* Release */ = {
			isa = XCBuildConfiguration;
			buildSettings = {
				ALWAYS_SEARCH_USER_PATHS = NO;
				CLANG_ANALYZER_NONNULL = YES;
				CLANG_ANALYZER_NUMBER_OBJECT_CONVERSION = YES_AGGRESSIVE;
				CLANG_CXX_LANGUAGE_STANDARD = "gnu++0x";
				CLANG_CXX_LIBRARY = "libc++";
				CLANG_ENABLE_MODULES = YES;
				CLANG_ENABLE_OBJC_ARC = YES;
				CLANG_WARN_BOOL_CONVERSION = YES;
				CLANG_WARN_CONSTANT_CONVERSION = YES;
				CLANG_WARN_DIRECT_OBJC_ISA_USAGE = YES_ERROR;
				CLANG_WARN_DOCUMENTATION_COMMENTS = YES;
				CLANG_WARN_EMPTY_BODY = YES;
				CLANG_WARN_ENUM_CONVERSION = YES;
				CLANG_WARN_INFINITE_RECURSION = YES;
				CLANG_WARN_INT_CONVERSION = YES;
				CLANG_WARN_OBJC_ROOT_CLASS = YES_ERROR;
				CLANG_WARN_SUSPICIOUS_MOVE = YES;
				CLANG_WARN_UNREACHABLE_CODE = YES;
				CLANG_WARN__DUPLICATE_METHOD_MATCH = YES;
				"CODE_SIGN_IDENTITY[sdk=iphoneos*]" = "iPhone Developer";
				COPY_PHASE_STRIP = NO;
				DEBUG_INFORMATION_FORMAT = "dwarf-with-dsym";
				ENABLE_NS_ASSERTIONS = NO;
				ENABLE_STRICT_OBJC_MSGSEND = YES;
				GCC_C_LANGUAGE_STANDARD = gnu99;
				GCC_NO_COMMON_BLOCKS = YES;
				GCC_WARN_64_TO_32_BIT_CONVERSION = YES;
				GCC_WARN_ABOUT_RETURN_TYPE = YES_ERROR;
				GCC_WARN_UNDECLARED_SELECTOR = YES;
				GCC_WARN_UNINITIALIZED_AUTOS = YES_AGGRESSIVE;
				GCC_WARN_UNUSED_FUNCTION = YES;
				GCC_WARN_UNUSED_VARIABLE = YES;
				IPHONEOS_DEPLOYMENT_TARGET = 10.3;
				MTL_ENABLE_DEBUG_INFO = NO;
				SDKROOT = iphoneos;
				SWIFT_OPTIMIZATION_LEVEL = "-Owholemodule";
				VALIDATE_PRODUCT = YES;
			};
			name = Release;
		};
		2FF1B80A1ECAE0B300CB176D /* Debug */ = {
			isa = XCBuildConfiguration;
			baseConfigurationReference = 864E08A48A247574913FFCA8 /* Pods-SanaMedia.debug.xcconfig */;
			buildSettings = {
				ASSETCATALOG_COMPILER_APPICON_NAME = AppIcon;
				DEVELOPMENT_TEAM = BJ9VCS422A;
				INFOPLIST_FILE = SanaMedia/Info.plist;
				LD_RUNPATH_SEARCH_PATHS = "$(inherited) @executable_path/Frameworks";
				PRODUCT_BUNDLE_IDENTIFIER = CruxTechLtd.SanaMedia;
				PRODUCT_NAME = "$(TARGET_NAME)";
				SWIFT_VERSION = 3.0;
			};
			name = Debug;
		};
		2FF1B80B1ECAE0B300CB176D /* Release */ = {
			isa = XCBuildConfiguration;
			baseConfigurationReference = 915F34F4FF9B2A8DC381B001 /* Pods-SanaMedia.release.xcconfig */;
			buildSettings = {
				ASSETCATALOG_COMPILER_APPICON_NAME = AppIcon;
				DEVELOPMENT_TEAM = BJ9VCS422A;
				INFOPLIST_FILE = SanaMedia/Info.plist;
				LD_RUNPATH_SEARCH_PATHS = "$(inherited) @executable_path/Frameworks";
				PRODUCT_BUNDLE_IDENTIFIER = CruxTechLtd.SanaMedia;
				PRODUCT_NAME = "$(TARGET_NAME)";
				SWIFT_VERSION = 3.0;
			};
			name = Release;
		};
		2FF1B80D1ECAE0B300CB176D /* Debug */ = {
			isa = XCBuildConfiguration;
			baseConfigurationReference = 41797D18BFE0165A4176FCE9 /* Pods-SanaMediaTests.debug.xcconfig */;
			buildSettings = {
				ALWAYS_EMBED_SWIFT_STANDARD_LIBRARIES = YES;
				BUNDLE_LOADER = "$(TEST_HOST)";
				DEVELOPMENT_TEAM = BJ9VCS422A;
				INFOPLIST_FILE = SanaMediaTests/Info.plist;
				LD_RUNPATH_SEARCH_PATHS = "$(inherited) @executable_path/Frameworks @loader_path/Frameworks";
				PRODUCT_BUNDLE_IDENTIFIER = CruxTechLtd.SanaMediaTests;
				PRODUCT_NAME = "$(TARGET_NAME)";
				SWIFT_VERSION = 3.0;
				TEST_HOST = "$(BUILT_PRODUCTS_DIR)/SanaMedia.app/SanaMedia";
			};
			name = Debug;
		};
		2FF1B80E1ECAE0B300CB176D /* Release */ = {
			isa = XCBuildConfiguration;
			baseConfigurationReference = 7D7F40CB7DAE336E7C349A87 /* Pods-SanaMediaTests.release.xcconfig */;
			buildSettings = {
				ALWAYS_EMBED_SWIFT_STANDARD_LIBRARIES = YES;
				BUNDLE_LOADER = "$(TEST_HOST)";
				DEVELOPMENT_TEAM = BJ9VCS422A;
				INFOPLIST_FILE = SanaMediaTests/Info.plist;
				LD_RUNPATH_SEARCH_PATHS = "$(inherited) @executable_path/Frameworks @loader_path/Frameworks";
				PRODUCT_BUNDLE_IDENTIFIER = CruxTechLtd.SanaMediaTests;
				PRODUCT_NAME = "$(TARGET_NAME)";
				SWIFT_VERSION = 3.0;
				TEST_HOST = "$(BUILT_PRODUCTS_DIR)/SanaMedia.app/SanaMedia";
			};
			name = Release;
		};
		2FF1B8101ECAE0B300CB176D /* Debug */ = {
			isa = XCBuildConfiguration;
			baseConfigurationReference = 451A582D8E1893432720126B /* Pods-SanaMediaUITests.debug.xcconfig */;
			buildSettings = {
				ALWAYS_EMBED_SWIFT_STANDARD_LIBRARIES = YES;
				DEVELOPMENT_TEAM = BJ9VCS422A;
				INFOPLIST_FILE = SanaMediaUITests/Info.plist;
				LD_RUNPATH_SEARCH_PATHS = "$(inherited) @executable_path/Frameworks @loader_path/Frameworks";
				PRODUCT_BUNDLE_IDENTIFIER = CruxTechLtd.SanaMediaUITests;
				PRODUCT_NAME = "$(TARGET_NAME)";
				SWIFT_VERSION = 3.0;
				TEST_TARGET_NAME = SanaMedia;
			};
			name = Debug;
		};
		2FF1B8111ECAE0B300CB176D /* Release */ = {
			isa = XCBuildConfiguration;
			baseConfigurationReference = 51A9D021C1C5D85B684D9608 /* Pods-SanaMediaUITests.release.xcconfig */;
			buildSettings = {
				ALWAYS_EMBED_SWIFT_STANDARD_LIBRARIES = YES;
				DEVELOPMENT_TEAM = BJ9VCS422A;
				INFOPLIST_FILE = SanaMediaUITests/Info.plist;
				LD_RUNPATH_SEARCH_PATHS = "$(inherited) @executable_path/Frameworks @loader_path/Frameworks";
				PRODUCT_BUNDLE_IDENTIFIER = CruxTechLtd.SanaMediaUITests;
				PRODUCT_NAME = "$(TARGET_NAME)";
				SWIFT_VERSION = 3.0;
				TEST_TARGET_NAME = SanaMedia;
			};
			name = Release;
		};
/* End XCBuildConfiguration section */

/* Begin XCConfigurationList section */
		2FF1B7DC1ECAE0B300CB176D /* Build configuration list for PBXProject "SanaMedia" */ = {
			isa = XCConfigurationList;
			buildConfigurations = (
				2FF1B8071ECAE0B300CB176D /* Debug */,
				2FF1B8081ECAE0B300CB176D /* Release */,
			);
			defaultConfigurationIsVisible = 0;
			defaultConfigurationName = Release;
		};
		2FF1B8091ECAE0B300CB176D /* Build configuration list for PBXNativeTarget "SanaMedia" */ = {
			isa = XCConfigurationList;
			buildConfigurations = (
				2FF1B80A1ECAE0B300CB176D /* Debug */,
				2FF1B80B1ECAE0B300CB176D /* Release */,
			);
			defaultConfigurationIsVisible = 0;
			defaultConfigurationName = Release;
		};
		2FF1B80C1ECAE0B300CB176D /* Build configuration list for PBXNativeTarget "SanaMediaTests" */ = {
			isa = XCConfigurationList;
			buildConfigurations = (
				2FF1B80D1ECAE0B300CB176D /* Debug */,
				2FF1B80E1ECAE0B300CB176D /* Release */,
			);
			defaultConfigurationIsVisible = 0;
			defaultConfigurationName = Release;
		};
		2FF1B80F1ECAE0B300CB176D /* Build configuration list for PBXNativeTarget "SanaMediaUITests" */ = {
			isa = XCConfigurationList;
			buildConfigurations = (
				2FF1B8101ECAE0B300CB176D /* Debug */,
				2FF1B8111ECAE0B300CB176D /* Release */,
			);
			defaultConfigurationIsVisible = 0;
			defaultConfigurationName = Release;
		};
/* End XCConfigurationList section */
	};
	rootObject = 2FF1B7D91ECAE0B300CB176D /* Project object */;
}
